// !$*UTF8*$!
{
	archiveVersion = 1;
	classes = {
	};
	objectVersion = 50;
	objects = {

/* Begin PBXBuildFile section */
		114D29EF26481283008071BA /* User.swift in Sources */ = {isa = PBXBuildFile; fileRef = 114D29EE26481283008071BA /* User.swift */; };
		114D29F426481422008071BA /* SignUpUserData.swift in Sources */ = {isa = PBXBuildFile; fileRef = 114D29F326481422008071BA /* SignUpUserData.swift */; };
		114D29F9264832B0008071BA /* Organization.swift in Sources */ = {isa = PBXBuildFile; fileRef = 114D29F8264832B0008071BA /* Organization.swift */; };
		114D29FC2648335C008071BA /* SignUpOrganizationData.swift in Sources */ = {isa = PBXBuildFile; fileRef = 114D29FB2648335C008071BA /* SignUpOrganizationData.swift */; };
		114D2A022648383B008071BA /* SignInUserData.swift in Sources */ = {isa = PBXBuildFile; fileRef = 114D2A012648383B008071BA /* SignInUserData.swift */; };
		114D2A0626484B83008071BA /* SignInOrganizationData.swift in Sources */ = {isa = PBXBuildFile; fileRef = 114D2A0526484B83008071BA /* SignInOrganizationData.swift */; };
		114DE1C42646959F00B7AE7F /* Core.h in Headers */ = {isa = PBXBuildFile; fileRef = 114DE1C22646959F00B7AE7F /* Core.h */; settings = {ATTRIBUTES = (Public, ); }; };
		114DE1CC264695D200B7AE7F /* CoreDummy.swift in Sources */ = {isa = PBXBuildFile; fileRef = 114DE1CB264695D200B7AE7F /* CoreDummy.swift */; };
		114DE279264809AB00B7AE7F /* Authentication.swift in Sources */ = {isa = PBXBuildFile; fileRef = 114DE278264809AB00B7AE7F /* Authentication.swift */; };
		7D288C5A209E877EC41C0B07 /* Pods_Core.framework in Frameworks */ = {isa = PBXBuildFile; fileRef = BA885F3367913308C295E013 /* Pods_Core.framework */; };
/* End PBXBuildFile section */

/* Begin PBXFileReference section */
		114D29EE26481283008071BA /* User.swift */ = {isa = PBXFileReference; lastKnownFileType = sourcecode.swift; path = User.swift; sourceTree = "<group>"; };
		114D29F326481422008071BA /* SignUpUserData.swift */ = {isa = PBXFileReference; lastKnownFileType = sourcecode.swift; path = SignUpUserData.swift; sourceTree = "<group>"; };
		114D29F8264832B0008071BA /* Organization.swift */ = {isa = PBXFileReference; lastKnownFileType = sourcecode.swift; path = Organization.swift; sourceTree = "<group>"; };
		114D29FB2648335C008071BA /* SignUpOrganizationData.swift */ = {isa = PBXFileReference; lastKnownFileType = sourcecode.swift; path = SignUpOrganizationData.swift; sourceTree = "<group>"; };
		114D2A012648383B008071BA /* SignInUserData.swift */ = {isa = PBXFileReference; lastKnownFileType = sourcecode.swift; path = SignInUserData.swift; sourceTree = "<group>"; };
		114D2A0526484B83008071BA /* SignInOrganizationData.swift */ = {isa = PBXFileReference; lastKnownFileType = sourcecode.swift; path = SignInOrganizationData.swift; sourceTree = "<group>"; };
		114DE1BF2646959F00B7AE7F /* Core.framework */ = {isa = PBXFileReference; explicitFileType = wrapper.framework; includeInIndex = 0; path = Core.framework; sourceTree = BUILT_PRODUCTS_DIR; };
		114DE1C22646959F00B7AE7F /* Core.h */ = {isa = PBXFileReference; lastKnownFileType = sourcecode.c.h; path = Core.h; sourceTree = "<group>"; };
		114DE1C32646959F00B7AE7F /* Info.plist */ = {isa = PBXFileReference; lastKnownFileType = text.plist.xml; path = Info.plist; sourceTree = "<group>"; };
		114DE1CB264695D200B7AE7F /* CoreDummy.swift */ = {isa = PBXFileReference; lastKnownFileType = sourcecode.swift; path = CoreDummy.swift; sourceTree = "<group>"; };
		114DE278264809AB00B7AE7F /* Authentication.swift */ = {isa = PBXFileReference; lastKnownFileType = sourcecode.swift; path = Authentication.swift; sourceTree = "<group>"; };
		213D19BF7A685CB111B5864C /* Pods-Core.release.xcconfig */ = {isa = PBXFileReference; includeInIndex = 1; lastKnownFileType = text.xcconfig; name = "Pods-Core.release.xcconfig"; path = "Target Support Files/Pods-Core/Pods-Core.release.xcconfig"; sourceTree = "<group>"; };
		BA885F3367913308C295E013 /* Pods_Core.framework */ = {isa = PBXFileReference; explicitFileType = wrapper.framework; includeInIndex = 0; path = Pods_Core.framework; sourceTree = BUILT_PRODUCTS_DIR; };
		E2E7EFE8DDEFEFD286939B1C /* Pods-Core.debug.xcconfig */ = {isa = PBXFileReference; includeInIndex = 1; lastKnownFileType = text.xcconfig; name = "Pods-Core.debug.xcconfig"; path = "Target Support Files/Pods-Core/Pods-Core.debug.xcconfig"; sourceTree = "<group>"; };
/* End PBXFileReference section */

/* Begin PBXFrameworksBuildPhase section */
		114DE1BC2646959F00B7AE7F /* Frameworks */ = {
			isa = PBXFrameworksBuildPhase;
			buildActionMask = 2147483647;
			files = (
				7D288C5A209E877EC41C0B07 /* Pods_Core.framework in Frameworks */,
			);
			runOnlyForDeploymentPostprocessing = 0;
		};
/* End PBXFrameworksBuildPhase section */

/* Begin PBXGroup section */
		060AEE436A3DFDB97071D42F /* Frameworks */ = {
			isa = PBXGroup;
			children = (
				BA885F3367913308C295E013 /* Pods_Core.framework */,
			);
			name = Frameworks;
			sourceTree = "<group>";
		};
		114D29ED26481277008071BA /* Models */ = {
			isa = PBXGroup;
			children = (
				114D29FF2648336D008071BA /* Organization */,
				114D29FE26483363008071BA /* User */,
			);
			path = Models;
			sourceTree = "<group>";
		};
		114D29FE26483363008071BA /* User */ = {
			isa = PBXGroup;
			children = (
				114D2A012648383B008071BA /* SignInUserData.swift */,
				114D29F326481422008071BA /* SignUpUserData.swift */,
				114D29EE26481283008071BA /* User.swift */,
			);
			path = User;
			sourceTree = "<group>";
		};
		114D29FF2648336D008071BA /* Organization */ = {
			isa = PBXGroup;
			children = (
				114D2A0526484B83008071BA /* SignInOrganizationData.swift */,
				114D29FB2648335C008071BA /* SignUpOrganizationData.swift */,
				114D29F8264832B0008071BA /* Organization.swift */,
			);
			path = Organization;
			sourceTree = "<group>";
		};
		114DE1B52646959F00B7AE7F = {
			isa = PBXGroup;
			children = (
				114DE1C12646959F00B7AE7F /* Core */,
				114DE1C02646959F00B7AE7F /* Products */,
				CD19EA37AFE65623CC3FF103 /* Pods */,
				060AEE436A3DFDB97071D42F /* Frameworks */,
			);
			sourceTree = "<group>";
		};
		114DE1C02646959F00B7AE7F /* Products */ = {
			isa = PBXGroup;
			children = (
				114DE1BF2646959F00B7AE7F /* Core.framework */,
			);
			name = Products;
			sourceTree = "<group>";
		};
		114DE1C12646959F00B7AE7F /* Core */ = {
			isa = PBXGroup;
			children = (
				114DE2772648098100B7AE7F /* Authentication */,
				114DE1C22646959F00B7AE7F /* Core.h */,
				114DE1C32646959F00B7AE7F /* Info.plist */,
				114DE1CB264695D200B7AE7F /* CoreDummy.swift */,
			);
			path = Core;
			sourceTree = "<group>";
		};
		114DE2772648098100B7AE7F /* Authentication */ = {
			isa = PBXGroup;
			children = (
				114D29ED26481277008071BA /* Models */,
				114DE278264809AB00B7AE7F /* Authentication.swift */,
			);
			path = Authentication;
			sourceTree = "<group>";
		};
		CD19EA37AFE65623CC3FF103 /* Pods */ = {
			isa = PBXGroup;
			children = (
				E2E7EFE8DDEFEFD286939B1C /* Pods-Core.debug.xcconfig */,
				213D19BF7A685CB111B5864C /* Pods-Core.release.xcconfig */,
			);
			name = Pods;
			path = ../Pods;
			sourceTree = "<group>";
		};
/* End PBXGroup section */

/* Begin PBXHeadersBuildPhase section */
		114DE1BA2646959F00B7AE7F /* Headers */ = {
			isa = PBXHeadersBuildPhase;
			buildActionMask = 2147483647;
			files = (
				114DE1C42646959F00B7AE7F /* Core.h in Headers */,
			);
			runOnlyForDeploymentPostprocessing = 0;
		};
/* End PBXHeadersBuildPhase section */

/* Begin PBXNativeTarget section */
		114DE1BE2646959F00B7AE7F /* Core */ = {
			isa = PBXNativeTarget;
			buildConfigurationList = 114DE1C72646959F00B7AE7F /* Build configuration list for PBXNativeTarget "Core" */;
			buildPhases = (
				D5A8F3A523CC3232CA3D5405 /* [CP] Check Pods Manifest.lock */,
				114DE1BA2646959F00B7AE7F /* Headers */,
				114DE1BB2646959F00B7AE7F /* Sources */,
				114DE1BC2646959F00B7AE7F /* Frameworks */,
				114DE1BD2646959F00B7AE7F /* Resources */,
			);
			buildRules = (
			);
			dependencies = (
			);
			name = Core;
			productName = Core;
			productReference = 114DE1BF2646959F00B7AE7F /* Core.framework */;
			productType = "com.apple.product-type.framework";
		};
/* End PBXNativeTarget section */

/* Begin PBXProject section */
		114DE1B62646959F00B7AE7F /* Project object */ = {
			isa = PBXProject;
			attributes = {
				LastUpgradeCheck = 1240;
				TargetAttributes = {
					114DE1BE2646959F00B7AE7F = {
						CreatedOnToolsVersion = 12.4;
						LastSwiftMigration = 1240;
					};
				};
			};
			buildConfigurationList = 114DE1B92646959F00B7AE7F /* Build configuration list for PBXProject "Core" */;
			compatibilityVersion = "Xcode 9.3";
			developmentRegion = en;
			hasScannedForEncodings = 0;
			knownRegions = (
				en,
				Base,
			);
			mainGroup = 114DE1B52646959F00B7AE7F;
			productRefGroup = 114DE1C02646959F00B7AE7F /* Products */;
			projectDirPath = "";
			projectRoot = "";
			targets = (
				114DE1BE2646959F00B7AE7F /* Core */,
			);
		};
/* End PBXProject section */

/* Begin PBXResourcesBuildPhase section */
		114DE1BD2646959F00B7AE7F /* Resources */ = {
			isa = PBXResourcesBuildPhase;
			buildActionMask = 2147483647;
			files = (
			);
			runOnlyForDeploymentPostprocessing = 0;
		};
/* End PBXResourcesBuildPhase section */

/* Begin PBXShellScriptBuildPhase section */
		D5A8F3A523CC3232CA3D5405 /* [CP] Check Pods Manifest.lock */ = {
			isa = PBXShellScriptBuildPhase;
			buildActionMask = 2147483647;
			files = (
			);
			inputFileListPaths = (
			);
			inputPaths = (
				"${PODS_PODFILE_DIR_PATH}/Podfile.lock",
				"${PODS_ROOT}/Manifest.lock",
			);
			name = "[CP] Check Pods Manifest.lock";
			outputFileListPaths = (
			);
			outputPaths = (
				"$(DERIVED_FILE_DIR)/Pods-Core-checkManifestLockResult.txt",
			);
			runOnlyForDeploymentPostprocessing = 0;
			shellPath = /bin/sh;
			shellScript = "diff \"${PODS_PODFILE_DIR_PATH}/Podfile.lock\" \"${PODS_ROOT}/Manifest.lock\" > /dev/null\nif [ $? != 0 ] ; then\n    # print error to STDERR\n    echo \"error: The sandbox is not in sync with the Podfile.lock. Run 'pod install' or update your CocoaPods installation.\" >&2\n    exit 1\nfi\n# This output is used by Xcode 'outputs' to avoid re-running this script phase.\necho \"SUCCESS\" > \"${SCRIPT_OUTPUT_FILE_0}\"\n";
			showEnvVarsInLog = 0;
		};
/* End PBXShellScriptBuildPhase section */

/* Begin PBXSourcesBuildPhase section */
		114DE1BB2646959F00B7AE7F /* Sources */ = {
			isa = PBXSourcesBuildPhase;
			buildActionMask = 2147483647;
			files = (
				114DE1CC264695D200B7AE7F /* CoreDummy.swift in Sources */,
				114D2A022648383B008071BA /* SignInUserData.swift in Sources */,
				114DE279264809AB00B7AE7F /* Authentication.swift in Sources */,
				114D29EF26481283008071BA /* User.swift in Sources */,
				114D29F9264832B0008071BA /* Organization.swift in Sources */,
				114D29FC2648335C008071BA /* SignUpOrganizationData.swift in Sources */,
				114D2A0626484B83008071BA /* SignInOrganizationData.swift in Sources */,
				114D29F426481422008071BA /* SignUpUserData.swift in Sources */,
			);
			runOnlyForDeploymentPostprocessing = 0;
		};
/* End PBXSourcesBuildPhase section */

/* Begin XCBuildConfiguration section */
		114DE1C52646959F00B7AE7F /* Debug */ = {
			isa = XCBuildConfiguration;
			buildSettings = {
				ALWAYS_SEARCH_USER_PATHS = NO;
				CLANG_ANALYZER_NONNULL = YES;
				CLANG_ANALYZER_NUMBER_OBJECT_CONVERSION = YES_AGGRESSIVE;
				CLANG_CXX_LANGUAGE_STANDARD = "gnu++14";
				CLANG_CXX_LIBRARY = "libc++";
				CLANG_ENABLE_MODULES = YES;
				CLANG_ENABLE_OBJC_ARC = YES;
				CLANG_ENABLE_OBJC_WEAK = YES;
				CLANG_WARN_BLOCK_CAPTURE_AUTORELEASING = YES;
				CLANG_WARN_BOOL_CONVERSION = YES;
				CLANG_WARN_COMMA = YES;
				CLANG_WARN_CONSTANT_CONVERSION = YES;
				CLANG_WARN_DEPRECATED_OBJC_IMPLEMENTATIONS = YES;
				CLANG_WARN_DIRECT_OBJC_ISA_USAGE = YES_ERROR;
				CLANG_WARN_DOCUMENTATION_COMMENTS = YES;
				CLANG_WARN_EMPTY_BODY = YES;
				CLANG_WARN_ENUM_CONVERSION = YES;
				CLANG_WARN_INFINITE_RECURSION = YES;
				CLANG_WARN_INT_CONVERSION = YES;
				CLANG_WARN_NON_LITERAL_NULL_CONVERSION = YES;
				CLANG_WARN_OBJC_IMPLICIT_RETAIN_SELF = YES;
				CLANG_WARN_OBJC_LITERAL_CONVERSION = YES;
				CLANG_WARN_OBJC_ROOT_CLASS = YES_ERROR;
				CLANG_WARN_QUOTED_INCLUDE_IN_FRAMEWORK_HEADER = YES;
				CLANG_WARN_RANGE_LOOP_ANALYSIS = YES;
				CLANG_WARN_STRICT_PROTOTYPES = YES;
				CLANG_WARN_SUSPICIOUS_MOVE = YES;
				CLANG_WARN_UNGUARDED_AVAILABILITY = YES_AGGRESSIVE;
				CLANG_WARN_UNREACHABLE_CODE = YES;
				CLANG_WARN__DUPLICATE_METHOD_MATCH = YES;
				COPY_PHASE_STRIP = NO;
				CURRENT_PROJECT_VERSION = 1;
				DEBUG_INFORMATION_FORMAT = dwarf;
				ENABLE_STRICT_OBJC_MSGSEND = YES;
				ENABLE_TESTABILITY = YES;
				GCC_C_LANGUAGE_STANDARD = gnu11;
				GCC_DYNAMIC_NO_PIC = NO;
				GCC_NO_COMMON_BLOCKS = YES;
				GCC_OPTIMIZATION_LEVEL = 0;
				GCC_PREPROCESSOR_DEFINITIONS = (
					"DEBUG=1",
					"$(inherited)",
				);
				GCC_WARN_64_TO_32_BIT_CONVERSION = YES;
				GCC_WARN_ABOUT_RETURN_TYPE = YES_ERROR;
				GCC_WARN_UNDECLARED_SELECTOR = YES;
				GCC_WARN_UNINITIALIZED_AUTOS = YES_AGGRESSIVE;
				GCC_WARN_UNUSED_FUNCTION = YES;
				GCC_WARN_UNUSED_VARIABLE = YES;
				IPHONEOS_DEPLOYMENT_TARGET = 14.4;
				MTL_ENABLE_DEBUG_INFO = INCLUDE_SOURCE;
				MTL_FAST_MATH = YES;
				ONLY_ACTIVE_ARCH = YES;
				SDKROOT = iphoneos;
				SWIFT_ACTIVE_COMPILATION_CONDITIONS = DEBUG;
				SWIFT_OPTIMIZATION_LEVEL = "-Onone";
				VERSIONING_SYSTEM = "apple-generic";
				VERSION_INFO_PREFIX = "";
			};
			name = Debug;
		};
		114DE1C62646959F00B7AE7F /* Release */ = {
			isa = XCBuildConfiguration;
			buildSettings = {
				ALWAYS_SEARCH_USER_PATHS = NO;
				CLANG_ANALYZER_NONNULL = YES;
				CLANG_ANALYZER_NUMBER_OBJECT_CONVERSION = YES_AGGRESSIVE;
				CLANG_CXX_LANGUAGE_STANDARD = "gnu++14";
				CLANG_CXX_LIBRARY = "libc++";
				CLANG_ENABLE_MODULES = YES;
				CLANG_ENABLE_OBJC_ARC = YES;
				CLANG_ENABLE_OBJC_WEAK = YES;
				CLANG_WARN_BLOCK_CAPTURE_AUTORELEASING = YES;
				CLANG_WARN_BOOL_CONVERSION = YES;
				CLANG_WARN_COMMA = YES;
				CLANG_WARN_CONSTANT_CONVERSION = YES;
				CLANG_WARN_DEPRECATED_OBJC_IMPLEMENTATIONS = YES;
				CLANG_WARN_DIRECT_OBJC_ISA_USAGE = YES_ERROR;
				CLANG_WARN_DOCUMENTATION_COMMENTS = YES;
				CLANG_WARN_EMPTY_BODY = YES;
				CLANG_WARN_ENUM_CONVERSION = YES;
				CLANG_WARN_INFINITE_RECURSION = YES;
				CLANG_WARN_INT_CONVERSION = YES;
				CLANG_WARN_NON_LITERAL_NULL_CONVERSION = YES;
				CLANG_WARN_OBJC_IMPLICIT_RETAIN_SELF = YES;
				CLANG_WARN_OBJC_LITERAL_CONVERSION = YES;
				CLANG_WARN_OBJC_ROOT_CLASS = YES_ERROR;
				CLANG_WARN_QUOTED_INCLUDE_IN_FRAMEWORK_HEADER = YES;
				CLANG_WARN_RANGE_LOOP_ANALYSIS = YES;
				CLANG_WARN_STRICT_PROTOTYPES = YES;
				CLANG_WARN_SUSPICIOUS_MOVE = YES;
				CLANG_WARN_UNGUARDED_AVAILABILITY = YES_AGGRESSIVE;
				CLANG_WARN_UNREACHABLE_CODE = YES;
				CLANG_WARN__DUPLICATE_METHOD_MATCH = YES;
				COPY_PHASE_STRIP = NO;
				CURRENT_PROJECT_VERSION = 1;
				DEBUG_INFORMATION_FORMAT = "dwarf-with-dsym";
				ENABLE_NS_ASSERTIONS = NO;
				ENABLE_STRICT_OBJC_MSGSEND = YES;
				GCC_C_LANGUAGE_STANDARD = gnu11;
				GCC_NO_COMMON_BLOCKS = YES;
				GCC_WARN_64_TO_32_BIT_CONVERSION = YES;
				GCC_WARN_ABOUT_RETURN_TYPE = YES_ERROR;
				GCC_WARN_UNDECLARED_SELECTOR = YES;
				GCC_WARN_UNINITIALIZED_AUTOS = YES_AGGRESSIVE;
				GCC_WARN_UNUSED_FUNCTION = YES;
				GCC_WARN_UNUSED_VARIABLE = YES;
				IPHONEOS_DEPLOYMENT_TARGET = 14.4;
				MTL_ENABLE_DEBUG_INFO = NO;
				MTL_FAST_MATH = YES;
				SDKROOT = iphoneos;
				SWIFT_COMPILATION_MODE = wholemodule;
				SWIFT_OPTIMIZATION_LEVEL = "-O";
				VALIDATE_PRODUCT = YES;
				VERSIONING_SYSTEM = "apple-generic";
				VERSION_INFO_PREFIX = "";
			};
			name = Release;
		};
		114DE1C82646959F00B7AE7F /* Debug */ = {
			isa = XCBuildConfiguration;
			baseConfigurationReference = E2E7EFE8DDEFEFD286939B1C /* Pods-Core.debug.xcconfig */;
			buildSettings = {
				CLANG_ENABLE_MODULES = YES;
				CODE_SIGN_STYLE = Automatic;
				DEFINES_MODULE = YES;
				DEVELOPMENT_TEAM = 69HSU29PJ2;
				DYLIB_COMPATIBILITY_VERSION = 1;
				DYLIB_CURRENT_VERSION = 1;
				DYLIB_INSTALL_NAME_BASE = "@rpath";
				INFOPLIST_FILE = Core/Info.plist;
				INSTALL_PATH = "$(LOCAL_LIBRARY_DIR)/Frameworks";
				IPHONEOS_DEPLOYMENT_TARGET = 13.0;
				LD_RUNPATH_SEARCH_PATHS = (
					"$(inherited)",
					"@executable_path/Frameworks",
					"@loader_path/Frameworks",
				);
				PRODUCT_BUNDLE_IDENTIFIER = WayOut.Core;
				PRODUCT_NAME = "$(TARGET_NAME:c99extidentifier)";
				SKIP_INSTALL = YES;
				SUPPORTS_MACCATALYST = NO;
				SWIFT_OPTIMIZATION_LEVEL = "-Onone";
				SWIFT_VERSION = 5.0;
				TARGETED_DEVICE_FAMILY = 1;
			};
			name = Debug;
		};
		114DE1C92646959F00B7AE7F /* Release */ = {
			isa = XCBuildConfiguration;
			baseConfigurationReference = 213D19BF7A685CB111B5864C /* Pods-Core.release.xcconfig */;
			buildSettings = {
				CLANG_ENABLE_MODULES = YES;
				CODE_SIGN_STYLE = Automatic;
				DEFINES_MODULE = YES;
				DEVELOPMENT_TEAM = 69HSU29PJ2;
				DYLIB_COMPATIBILITY_VERSION = 1;
				DYLIB_CURRENT_VERSION = 1;
				DYLIB_INSTALL_NAME_BASE = "@rpath";
				INFOPLIST_FILE = Core/Info.plist;
				INSTALL_PATH = "$(LOCAL_LIBRARY_DIR)/Frameworks";
				IPHONEOS_DEPLOYMENT_TARGET = 13.0;
				LD_RUNPATH_SEARCH_PATHS = (
					"$(inherited)",
					"@executable_path/Frameworks",
					"@loader_path/Frameworks",
				);
				PRODUCT_BUNDLE_IDENTIFIER = WayOut.Core;
				PRODUCT_NAME = "$(TARGET_NAME:c99extidentifier)";
				SKIP_INSTALL = YES;
				SUPPORTS_MACCATALYST = NO;
				SWIFT_VERSION = 5.0;
				TARGETED_DEVICE_FAMILY = 1;
			};
			name = Release;
		};
/* End XCBuildConfiguration section */

/* Begin XCConfigurationList section */
		114DE1B92646959F00B7AE7F /* Build configuration list for PBXProject "Core" */ = {
			isa = XCConfigurationList;
			buildConfigurations = (
				114DE1C52646959F00B7AE7F /* Debug */,
				114DE1C62646959F00B7AE7F /* Release */,
			);
			defaultConfigurationIsVisible = 0;
			defaultConfigurationName = Release;
		};
		114DE1C72646959F00B7AE7F /* Build configuration list for PBXNativeTarget "Core" */ = {
			isa = XCConfigurationList;
			buildConfigurations = (
				114DE1C82646959F00B7AE7F /* Debug */,
				114DE1C92646959F00B7AE7F /* Release */,
			);
			defaultConfigurationIsVisible = 0;
			defaultConfigurationName = Release;
		};
/* End XCConfigurationList section */
	};
	rootObject = 114DE1B62646959F00B7AE7F /* Project object */;
}
