// !$*UTF8*$!
{
	archiveVersion = 1;
	classes = {
	};
	objectVersion = 50;
	objects = {

/* Begin PBXBuildFile section */
		114DE22B2646F83C00B7AE7F /* WayOutManager.h in Headers */ = {isa = PBXBuildFile; fileRef = 114DE2292646F83C00B7AE7F /* WayOutManager.h */; settings = {ATTRIBUTES = (Public, ); }; };
		114DE2322646F85600B7AE7F /* WayoutManagerDummy.swift in Sources */ = {isa = PBXBuildFile; fileRef = 114DE2312646F85600B7AE7F /* WayoutManagerDummy.swift */; };
		114DE267264808F300B7AE7F /* Core.framework in Copy Frameworks */ = {isa = PBXBuildFile; fileRef = 114DE265264808DB00B7AE7F /* Core.framework */; settings = {ATTRIBUTES = (CodeSignOnCopy, RemoveHeadersOnCopy, ); }; };
		16D248BE25414030B8EB232D /* Pods_WayOutManager.framework in Frameworks */ = {isa = PBXBuildFile; fileRef = ACFEEAB14A66E8DF025AC577 /* Pods_WayOutManager.framework */; };
/* End PBXBuildFile section */

/* Begin PBXContainerItemProxy section */
		114DE264264808DB00B7AE7F /* PBXContainerItemProxy */ = {
			isa = PBXContainerItemProxy;
			containerPortal = 114DE260264808DB00B7AE7F /* Core.xcodeproj */;
			proxyType = 2;
			remoteGlobalIDString = 114DE1BF2646959F00B7AE7F;
			remoteInfo = Core;
		};
/* End PBXContainerItemProxy section */

/* Begin PBXCopyFilesBuildPhase section */
		114DE266264808E300B7AE7F /* Copy Frameworks */ = {
			isa = PBXCopyFilesBuildPhase;
			buildActionMask = 2147483647;
			dstPath = "";
			dstSubfolderSpec = 10;
			files = (
				114DE267264808F300B7AE7F /* Core.framework in Copy Frameworks */,
			);
			name = "Copy Frameworks";
			runOnlyForDeploymentPostprocessing = 0;
		};
/* End PBXCopyFilesBuildPhase section */

/* Begin PBXFileReference section */
		114DE2262646F83C00B7AE7F /* WayOutManager.framework */ = {isa = PBXFileReference; explicitFileType = wrapper.framework; includeInIndex = 0; path = WayOutManager.framework; sourceTree = BUILT_PRODUCTS_DIR; };
		114DE2292646F83C00B7AE7F /* WayOutManager.h */ = {isa = PBXFileReference; lastKnownFileType = sourcecode.c.h; path = WayOutManager.h; sourceTree = "<group>"; };
		114DE22A2646F83C00B7AE7F /* Info.plist */ = {isa = PBXFileReference; lastKnownFileType = text.plist.xml; path = Info.plist; sourceTree = "<group>"; };
		114DE2312646F85600B7AE7F /* WayoutManagerDummy.swift */ = {isa = PBXFileReference; lastKnownFileType = sourcecode.swift; path = WayoutManagerDummy.swift; sourceTree = "<group>"; };
		114DE260264808DB00B7AE7F /* Core.xcodeproj */ = {isa = PBXFileReference; lastKnownFileType = "wrapper.pb-project"; name = Core.xcodeproj; path = ../Core/Core.xcodeproj; sourceTree = "<group>"; };
		ACFEEAB14A66E8DF025AC577 /* Pods_WayOutManager.framework */ = {isa = PBXFileReference; explicitFileType = wrapper.framework; includeInIndex = 0; path = Pods_WayOutManager.framework; sourceTree = BUILT_PRODUCTS_DIR; };
		DB43FE3A6C9115C50292F440 /* Pods-WayOutManager.debug.xcconfig */ = {isa = PBXFileReference; includeInIndex = 1; lastKnownFileType = text.xcconfig; name = "Pods-WayOutManager.debug.xcconfig"; path = "Target Support Files/Pods-WayOutManager/Pods-WayOutManager.debug.xcconfig"; sourceTree = "<group>"; };
		FB9810166DE682947494175F /* Pods-WayOutManager.release.xcconfig */ = {isa = PBXFileReference; includeInIndex = 1; lastKnownFileType = text.xcconfig; name = "Pods-WayOutManager.release.xcconfig"; path = "Target Support Files/Pods-WayOutManager/Pods-WayOutManager.release.xcconfig"; sourceTree = "<group>"; };
/* End PBXFileReference section */

/* Begin PBXFrameworksBuildPhase section */
		114DE2232646F83C00B7AE7F /* Frameworks */ = {
			isa = PBXFrameworksBuildPhase;
			buildActionMask = 2147483647;
			files = (
				16D248BE25414030B8EB232D /* Pods_WayOutManager.framework in Frameworks */,
			);
			runOnlyForDeploymentPostprocessing = 0;
		};
/* End PBXFrameworksBuildPhase section */

/* Begin PBXGroup section */
		114DE21C2646F83C00B7AE7F = {
			isa = PBXGroup;
			children = (
				114DE25F264808CB00B7AE7F /* Dependencies */,
				114DE2282646F83C00B7AE7F /* WayOutManager */,
				114DE2272646F83C00B7AE7F /* Products */,
				6FAA3B42DF9C0D7CA40A4FC3 /* Pods */,
				65CCB860EC42ADFEB8298A1D /* Frameworks */,
			);
			sourceTree = "<group>";
		};
		114DE2272646F83C00B7AE7F /* Products */ = {
			isa = PBXGroup;
			children = (
				114DE2262646F83C00B7AE7F /* WayOutManager.framework */,
			);
			name = Products;
			sourceTree = "<group>";
		};
		114DE2282646F83C00B7AE7F /* WayOutManager */ = {
			isa = PBXGroup;
			children = (
				114DE2292646F83C00B7AE7F /* WayOutManager.h */,
				114DE22A2646F83C00B7AE7F /* Info.plist */,
				114DE2312646F85600B7AE7F /* WayoutManagerDummy.swift */,
			);
			path = WayOutManager;
			sourceTree = "<group>";
		};
		114DE25F264808CB00B7AE7F /* Dependencies */ = {
			isa = PBXGroup;
			children = (
				114DE260264808DB00B7AE7F /* Core.xcodeproj */,
			);
			name = Dependencies;
			sourceTree = "<group>";
		};
		114DE261264808DB00B7AE7F /* Products */ = {
			isa = PBXGroup;
			children = (
				114DE265264808DB00B7AE7F /* Core.framework */,
			);
			name = Products;
			sourceTree = "<group>";
		};
		65CCB860EC42ADFEB8298A1D /* Frameworks */ = {
			isa = PBXGroup;
			children = (
				ACFEEAB14A66E8DF025AC577 /* Pods_WayOutManager.framework */,
			);
			name = Frameworks;
			sourceTree = "<group>";
		};
		6FAA3B42DF9C0D7CA40A4FC3 /* Pods */ = {
			isa = PBXGroup;
			children = (
				DB43FE3A6C9115C50292F440 /* Pods-WayOutManager.debug.xcconfig */,
				FB9810166DE682947494175F /* Pods-WayOutManager.release.xcconfig */,
			);
			name = Pods;
			path = ../Pods;
			sourceTree = "<group>";
		};
/* End PBXGroup section */

/* Begin PBXHeadersBuildPhase section */
		114DE2212646F83C00B7AE7F /* Headers */ = {
			isa = PBXHeadersBuildPhase;
			buildActionMask = 2147483647;
			files = (
				114DE22B2646F83C00B7AE7F /* WayOutManager.h in Headers */,
			);
			runOnlyForDeploymentPostprocessing = 0;
		};
/* End PBXHeadersBuildPhase section */

/* Begin PBXNativeTarget section */
		114DE2252646F83C00B7AE7F /* WayOutManager */ = {
			isa = PBXNativeTarget;
			buildConfigurationList = 114DE22E2646F83C00B7AE7F /* Build configuration list for PBXNativeTarget "WayOutManager" */;
			buildPhases = (
				97BA454CCA2EF74630F69A5C /* [CP] Check Pods Manifest.lock */,
				114DE2212646F83C00B7AE7F /* Headers */,
				114DE2222646F83C00B7AE7F /* Sources */,
				114DE2232646F83C00B7AE7F /* Frameworks */,
				114DE2242646F83C00B7AE7F /* Resources */,
				114DE266264808E300B7AE7F /* Copy Frameworks */,
			);
			buildRules = (
			);
			dependencies = (
			);
			name = WayOutManager;
			productName = WayOutManager;
			productReference = 114DE2262646F83C00B7AE7F /* WayOutManager.framework */;
			productType = "com.apple.product-type.framework";
		};
/* End PBXNativeTarget section */

/* Begin PBXProject section */
		114DE21D2646F83C00B7AE7F /* Project object */ = {
			isa = PBXProject;
			attributes = {
				LastUpgradeCheck = 1240;
				TargetAttributes = {
					114DE2252646F83C00B7AE7F = {
						CreatedOnToolsVersion = 12.4;
						LastSwiftMigration = 1240;
					};
				};
			};
			buildConfigurationList = 114DE2202646F83C00B7AE7F /* Build configuration list for PBXProject "WayOutManager" */;
			compatibilityVersion = "Xcode 9.3";
			developmentRegion = en;
			hasScannedForEncodings = 0;
			knownRegions = (
				en,
				Base,
			);
			mainGroup = 114DE21C2646F83C00B7AE7F;
			productRefGroup = 114DE2272646F83C00B7AE7F /* Products */;
			projectDirPath = "";
			projectReferences = (
				{
					ProductGroup = 114DE261264808DB00B7AE7F /* Products */;
					ProjectRef = 114DE260264808DB00B7AE7F /* Core.xcodeproj */;
				},
			);
			projectRoot = "";
			targets = (
				114DE2252646F83C00B7AE7F /* WayOutManager */,
			);
		};
/* End PBXProject section */

/* Begin PBXReferenceProxy section */
		114DE265264808DB00B7AE7F /* Core.framework */ = {
			isa = PBXReferenceProxy;
			fileType = wrapper.framework;
			path = Core.framework;
			remoteRef = 114DE264264808DB00B7AE7F /* PBXContainerItemProxy */;
			sourceTree = BUILT_PRODUCTS_DIR;
		};
/* End PBXReferenceProxy section */

/* Begin PBXResourcesBuildPhase section */
		114DE2242646F83C00B7AE7F /* Resources */ = {
			isa = PBXResourcesBuildPhase;
			buildActionMask = 2147483647;
			files = (
			);
			runOnlyForDeploymentPostprocessing = 0;
		};
/* End PBXResourcesBuildPhase section */

/* Begin PBXShellScriptBuildPhase section */
		97BA454CCA2EF74630F69A5C /* [CP] Check Pods Manifest.lock */ = {
			isa = PBXShellScriptBuildPhase;
			buildActionMask = 2147483647;
			files = (
			);
			inputFileListPaths = (
			);
			inputPaths = (
				"${PODS_PODFILE_DIR_PATH}/Podfile.lock",
				"${PODS_ROOT}/Manifest.lock",
			);
			name = "[CP] Check Pods Manifest.lock";
			outputFileListPaths = (
			);
			outputPaths = (
				"$(DERIVED_FILE_DIR)/Pods-WayOutManager-checkManifestLockResult.txt",
			);
			runOnlyForDeploymentPostprocessing = 0;
			shellPath = /bin/sh;
			shellScript = "diff \"${PODS_PODFILE_DIR_PATH}/Podfile.lock\" \"${PODS_ROOT}/Manifest.lock\" > /dev/null\nif [ $? != 0 ] ; then\n    # print error to STDERR\n    echo \"error: The sandbox is not in sync with the Podfile.lock. Run 'pod install' or update your CocoaPods installation.\" >&2\n    exit 1\nfi\n# This output is used by Xcode 'outputs' to avoid re-running this script phase.\necho \"SUCCESS\" > \"${SCRIPT_OUTPUT_FILE_0}\"\n";
			showEnvVarsInLog = 0;
		};
/* End PBXShellScriptBuildPhase section */

/* Begin PBXSourcesBuildPhase section */
		114DE2222646F83C00B7AE7F /* Sources */ = {
			isa = PBXSourcesBuildPhase;
			buildActionMask = 2147483647;
			files = (
				114DE2322646F85600B7AE7F /* WayoutManagerDummy.swift in Sources */,
			);
			runOnlyForDeploymentPostprocessing = 0;
		};
/* End PBXSourcesBuildPhase section */

/* Begin XCBuildConfiguration section */
		114DE22C2646F83C00B7AE7F /* Debug */ = {
			isa = XCBuildConfiguration;
			buildSettings = {
				ALWAYS_SEARCH_USER_PATHS = NO;
				CLANG_ANALYZER_NONNULL = YES;
				CLANG_ANALYZER_NUMBER_OBJECT_CONVERSION = YES_AGGRESSIVE;
				CLANG_CXX_LANGUAGE_STANDARD = "gnu++14";
				CLANG_CXX_LIBRARY = "libc++";
				CLANG_ENABLE_MODULES = YES;
				CLANG_ENABLE_OBJC_ARC = YES;
				CLANG_ENABLE_OBJC_WEAK = YES;
				CLANG_WARN_BLOCK_CAPTURE_AUTORELEASING = YES;
				CLANG_WARN_BOOL_CONVERSION = YES;
				CLANG_WARN_COMMA = YES;
				CLANG_WARN_CONSTANT_CONVERSION = YES;
				CLANG_WARN_DEPRECATED_OBJC_IMPLEMENTATIONS = YES;
				CLANG_WARN_DIRECT_OBJC_ISA_USAGE = YES_ERROR;
				CLANG_WARN_DOCUMENTATION_COMMENTS = YES;
				CLANG_WARN_EMPTY_BODY = YES;
				CLANG_WARN_ENUM_CONVERSION = YES;
				CLANG_WARN_INFINITE_RECURSION = YES;
				CLANG_WARN_INT_CONVERSION = YES;
				CLANG_WARN_NON_LITERAL_NULL_CONVERSION = YES;
				CLANG_WARN_OBJC_IMPLICIT_RETAIN_SELF = YES;
				CLANG_WARN_OBJC_LITERAL_CONVERSION = YES;
				CLANG_WARN_OBJC_ROOT_CLASS = YES_ERROR;
				CLANG_WARN_QUOTED_INCLUDE_IN_FRAMEWORK_HEADER = YES;
				CLANG_WARN_RANGE_LOOP_ANALYSIS = YES;
				CLANG_WARN_STRICT_PROTOTYPES = YES;
				CLANG_WARN_SUSPICIOUS_MOVE = YES;
				CLANG_WARN_UNGUARDED_AVAILABILITY = YES_AGGRESSIVE;
				CLANG_WARN_UNREACHABLE_CODE = YES;
				CLANG_WARN__DUPLICATE_METHOD_MATCH = YES;
				COPY_PHASE_STRIP = NO;
				CURRENT_PROJECT_VERSION = 1;
				DEBUG_INFORMATION_FORMAT = dwarf;
				ENABLE_STRICT_OBJC_MSGSEND = YES;
				ENABLE_TESTABILITY = YES;
				GCC_C_LANGUAGE_STANDARD = gnu11;
				GCC_DYNAMIC_NO_PIC = NO;
				GCC_NO_COMMON_BLOCKS = YES;
				GCC_OPTIMIZATION_LEVEL = 0;
				GCC_PREPROCESSOR_DEFINITIONS = (
					"DEBUG=1",
					"$(inherited)",
				);
				GCC_WARN_64_TO_32_BIT_CONVERSION = YES;
				GCC_WARN_ABOUT_RETURN_TYPE = YES_ERROR;
				GCC_WARN_UNDECLARED_SELECTOR = YES;
				GCC_WARN_UNINITIALIZED_AUTOS = YES_AGGRESSIVE;
				GCC_WARN_UNUSED_FUNCTION = YES;
				GCC_WARN_UNUSED_VARIABLE = YES;
				IPHONEOS_DEPLOYMENT_TARGET = 14.4;
				MTL_ENABLE_DEBUG_INFO = INCLUDE_SOURCE;
				MTL_FAST_MATH = YES;
				ONLY_ACTIVE_ARCH = YES;
				SDKROOT = iphoneos;
				SWIFT_ACTIVE_COMPILATION_CONDITIONS = DEBUG;
				SWIFT_OPTIMIZATION_LEVEL = "-Onone";
				VERSIONING_SYSTEM = "apple-generic";
				VERSION_INFO_PREFIX = "";
			};
			name = Debug;
		};
		114DE22D2646F83C00B7AE7F /* Release */ = {
			isa = XCBuildConfiguration;
			buildSettings = {
				ALWAYS_SEARCH_USER_PATHS = NO;
				CLANG_ANALYZER_NONNULL = YES;
				CLANG_ANALYZER_NUMBER_OBJECT_CONVERSION = YES_AGGRESSIVE;
				CLANG_CXX_LANGUAGE_STANDARD = "gnu++14";
				CLANG_CXX_LIBRARY = "libc++";
				CLANG_ENABLE_MODULES = YES;
				CLANG_ENABLE_OBJC_ARC = YES;
				CLANG_ENABLE_OBJC_WEAK = YES;
				CLANG_WARN_BLOCK_CAPTURE_AUTORELEASING = YES;
				CLANG_WARN_BOOL_CONVERSION = YES;
				CLANG_WARN_COMMA = YES;
				CLANG_WARN_CONSTANT_CONVERSION = YES;
				CLANG_WARN_DEPRECATED_OBJC_IMPLEMENTATIONS = YES;
				CLANG_WARN_DIRECT_OBJC_ISA_USAGE = YES_ERROR;
				CLANG_WARN_DOCUMENTATION_COMMENTS = YES;
				CLANG_WARN_EMPTY_BODY = YES;
				CLANG_WARN_ENUM_CONVERSION = YES;
				CLANG_WARN_INFINITE_RECURSION = YES;
				CLANG_WARN_INT_CONVERSION = YES;
				CLANG_WARN_NON_LITERAL_NULL_CONVERSION = YES;
				CLANG_WARN_OBJC_IMPLICIT_RETAIN_SELF = YES;
				CLANG_WARN_OBJC_LITERAL_CONVERSION = YES;
				CLANG_WARN_OBJC_ROOT_CLASS = YES_ERROR;
				CLANG_WARN_QUOTED_INCLUDE_IN_FRAMEWORK_HEADER = YES;
				CLANG_WARN_RANGE_LOOP_ANALYSIS = YES;
				CLANG_WARN_STRICT_PROTOTYPES = YES;
				CLANG_WARN_SUSPICIOUS_MOVE = YES;
				CLANG_WARN_UNGUARDED_AVAILABILITY = YES_AGGRESSIVE;
				CLANG_WARN_UNREACHABLE_CODE = YES;
				CLANG_WARN__DUPLICATE_METHOD_MATCH = YES;
				COPY_PHASE_STRIP = NO;
				CURRENT_PROJECT_VERSION = 1;
				DEBUG_INFORMATION_FORMAT = "dwarf-with-dsym";
				ENABLE_NS_ASSERTIONS = NO;
				ENABLE_STRICT_OBJC_MSGSEND = YES;
				GCC_C_LANGUAGE_STANDARD = gnu11;
				GCC_NO_COMMON_BLOCKS = YES;
				GCC_WARN_64_TO_32_BIT_CONVERSION = YES;
				GCC_WARN_ABOUT_RETURN_TYPE = YES_ERROR;
				GCC_WARN_UNDECLARED_SELECTOR = YES;
				GCC_WARN_UNINITIALIZED_AUTOS = YES_AGGRESSIVE;
				GCC_WARN_UNUSED_FUNCTION = YES;
				GCC_WARN_UNUSED_VARIABLE = YES;
				IPHONEOS_DEPLOYMENT_TARGET = 14.4;
				MTL_ENABLE_DEBUG_INFO = NO;
				MTL_FAST_MATH = YES;
				SDKROOT = iphoneos;
				SWIFT_COMPILATION_MODE = wholemodule;
				SWIFT_OPTIMIZATION_LEVEL = "-O";
				VALIDATE_PRODUCT = YES;
				VERSIONING_SYSTEM = "apple-generic";
				VERSION_INFO_PREFIX = "";
			};
			name = Release;
		};
		114DE22F2646F83C00B7AE7F /* Debug */ = {
			isa = XCBuildConfiguration;
			baseConfigurationReference = DB43FE3A6C9115C50292F440 /* Pods-WayOutManager.debug.xcconfig */;
			buildSettings = {
				CLANG_ENABLE_MODULES = YES;
				CODE_SIGN_STYLE = Automatic;
				DEFINES_MODULE = YES;
				DEVELOPMENT_TEAM = 69HSU29PJ2;
				DYLIB_COMPATIBILITY_VERSION = 1;
				DYLIB_CURRENT_VERSION = 1;
				DYLIB_INSTALL_NAME_BASE = "@rpath";
				FRAMEWORK_SEARCH_PATHS = "$(inherited)";
				HEADER_SEARCH_PATHS = "$(inherited)";
				INFOPLIST_FILE = WayOutManager/Info.plist;
				INSTALL_PATH = "$(LOCAL_LIBRARY_DIR)/Frameworks";
				IPHONEOS_DEPLOYMENT_TARGET = 13.0;
				LD_RUNPATH_SEARCH_PATHS = (
					"$(inherited)",
					"@executable_path/Frameworks",
					"@loader_path/Frameworks",
				);
				PRODUCT_BUNDLE_IDENTIFIER = WayOut.WayOutManager;
				PRODUCT_NAME = "$(TARGET_NAME:c99extidentifier)";
				SKIP_INSTALL = YES;
				SUPPORTS_MACCATALYST = NO;
				SWIFT_OPTIMIZATION_LEVEL = "-Onone";
				SWIFT_VERSION = 5.0;
				TARGETED_DEVICE_FAMILY = 1;
			};
			name = Debug;
		};
		114DE2302646F83C00B7AE7F /* Release */ = {
			isa = XCBuildConfiguration;
			baseConfigurationReference = FB9810166DE682947494175F /* Pods-WayOutManager.release.xcconfig */;
			buildSettings = {
				CLANG_ENABLE_MODULES = YES;
				CODE_SIGN_STYLE = Automatic;
				DEFINES_MODULE = YES;
				DEVELOPMENT_TEAM = 69HSU29PJ2;
				DYLIB_COMPATIBILITY_VERSION = 1;
				DYLIB_CURRENT_VERSION = 1;
				DYLIB_INSTALL_NAME_BASE = "@rpath";
				FRAMEWORK_SEARCH_PATHS = "$(inherited)";
				HEADER_SEARCH_PATHS = (
					"$(inherited)",
					"${PODS_ROOT}/Firebase/CoreOnly/Sources",
				);
				INFOPLIST_FILE = WayOutManager/Info.plist;
				INSTALL_PATH = "$(LOCAL_LIBRARY_DIR)/Frameworks";
				IPHONEOS_DEPLOYMENT_TARGET = 13.0;
				LD_RUNPATH_SEARCH_PATHS = (
					"$(inherited)",
					"@executable_path/Frameworks",
					"@loader_path/Frameworks",
				);
				PRODUCT_BUNDLE_IDENTIFIER = WayOut.WayOutManager;
				PRODUCT_NAME = "$(TARGET_NAME:c99extidentifier)";
				SKIP_INSTALL = YES;
				SUPPORTS_MACCATALYST = NO;
				SWIFT_VERSION = 5.0;
				TARGETED_DEVICE_FAMILY = 1;
			};
			name = Release;
		};
/* End XCBuildConfiguration section */

/* Begin XCConfigurationList section */
		114DE2202646F83C00B7AE7F /* Build configuration list for PBXProject "WayOutManager" */ = {
			isa = XCConfigurationList;
			buildConfigurations = (
				114DE22C2646F83C00B7AE7F /* Debug */,
				114DE22D2646F83C00B7AE7F /* Release */,
			);
			defaultConfigurationIsVisible = 0;
			defaultConfigurationName = Release;
		};
		114DE22E2646F83C00B7AE7F /* Build configuration list for PBXNativeTarget "WayOutManager" */ = {
			isa = XCConfigurationList;
			buildConfigurations = (
				114DE22F2646F83C00B7AE7F /* Debug */,
				114DE2302646F83C00B7AE7F /* Release */,
			);
			defaultConfigurationIsVisible = 0;
			defaultConfigurationName = Release;
		};
/* End XCConfigurationList section */
	};
	rootObject = 114DE21D2646F83C00B7AE7F /* Project object */;
}
