// !$*UTF8*$!
{
	archiveVersion = 1;
	classes = {
	};
	objectVersion = 51;
	objects = {

/* Begin PBXBuildFile section */
		112C0BC726596BF70073FC92 /* TitleCell.swift in Sources */ = {isa = PBXBuildFile; fileRef = 112C0BC526596BF70073FC92 /* TitleCell.swift */; };
		112C0BC826596BF70073FC92 /* TitleCell.xib in Resources */ = {isa = PBXBuildFile; fileRef = 112C0BC626596BF70073FC92 /* TitleCell.xib */; };
		112C0BCA26596C8B0073FC92 /* TitleCellModel.swift in Sources */ = {isa = PBXBuildFile; fileRef = 112C0BC926596C8B0073FC92 /* TitleCellModel.swift */; };
		112C0BCE26596DC70073FC92 /* JoinOrganizationCell.swift in Sources */ = {isa = PBXBuildFile; fileRef = 112C0BCC26596DC70073FC92 /* JoinOrganizationCell.swift */; };
		112C0BCF26596DC70073FC92 /* JoinOrganizationCell.xib in Resources */ = {isa = PBXBuildFile; fileRef = 112C0BCD26596DC70073FC92 /* JoinOrganizationCell.xib */; };
		112C0BD12659710C0073FC92 /* JoinOrganizationCellModel.swift in Sources */ = {isa = PBXBuildFile; fileRef = 112C0BD02659710C0073FC92 /* JoinOrganizationCellModel.swift */; };
		1147BFC8264DA84C0030B6B4 /* Reusable.swift in Sources */ = {isa = PBXBuildFile; fileRef = 1147BFC7264DA84C0030B6B4 /* Reusable.swift */; };
		1147BFCC264DA8710030B6B4 /* CellConfiguration.swift in Sources */ = {isa = PBXBuildFile; fileRef = 1147BFCB264DA8710030B6B4 /* CellConfiguration.swift */; };
		1147BFD2264DA90B0030B6B4 /* PersonalInfoCell.swift in Sources */ = {isa = PBXBuildFile; fileRef = 1147BFD0264DA90B0030B6B4 /* PersonalInfoCell.swift */; };
		1147BFD3264DA90B0030B6B4 /* PersonalInfoCell.xib in Resources */ = {isa = PBXBuildFile; fileRef = 1147BFD1264DA90B0030B6B4 /* PersonalInfoCell.xib */; };
		1147BFD6264DAA5C0030B6B4 /* PersonalInfoCellModel.swift in Sources */ = {isa = PBXBuildFile; fileRef = 1147BFD5264DAA5C0030B6B4 /* PersonalInfoCellModel.swift */; };
		1147BFE0264DB0160030B6B4 /* GreetingCell.swift in Sources */ = {isa = PBXBuildFile; fileRef = 1147BFDE264DB0160030B6B4 /* GreetingCell.swift */; };
		1147BFE1264DB0160030B6B4 /* GreetingCell.xib in Resources */ = {isa = PBXBuildFile; fileRef = 1147BFDF264DB0160030B6B4 /* GreetingCell.xib */; };
		1147BFE3264DB0EE0030B6B4 /* GreetingCellModel.swift in Sources */ = {isa = PBXBuildFile; fileRef = 1147BFE2264DB0EE0030B6B4 /* GreetingCellModel.swift */; };
		114D2AA2264B0294008071BA /* SignUpUserPresenter.swift in Sources */ = {isa = PBXBuildFile; fileRef = 114D2A9E264B0294008071BA /* SignUpUserPresenter.swift */; };
		114D2AA3264B0294008071BA /* SignUpUserRouter.swift in Sources */ = {isa = PBXBuildFile; fileRef = 114D2A9F264B0294008071BA /* SignUpUserRouter.swift */; };
		114D2AA4264B0294008071BA /* SignUpUserController.swift in Sources */ = {isa = PBXBuildFile; fileRef = 114D2AA0264B0294008071BA /* SignUpUserController.swift */; };
		114D2AA5264B0294008071BA /* SignUpUserConfigurator.swift in Sources */ = {isa = PBXBuildFile; fileRef = 114D2AA1264B0294008071BA /* SignUpUserConfigurator.swift */; };
		114D2ADA264B0784008071BA /* WelcomePresenter.swift in Sources */ = {isa = PBXBuildFile; fileRef = 114D2AD6264B0784008071BA /* WelcomePresenter.swift */; };
		114D2ADB264B0784008071BA /* WelcomeRouter.swift in Sources */ = {isa = PBXBuildFile; fileRef = 114D2AD7264B0784008071BA /* WelcomeRouter.swift */; };
		114D2ADC264B0784008071BA /* WelcomeController.swift in Sources */ = {isa = PBXBuildFile; fileRef = 114D2AD8264B0784008071BA /* WelcomeController.swift */; };
		114D2ADD264B0784008071BA /* WelcomeConfigurator.swift in Sources */ = {isa = PBXBuildFile; fileRef = 114D2AD9264B0784008071BA /* WelcomeConfigurator.swift */; };
		114D2AE0264B1426008071BA /* Configurable.swift in Sources */ = {isa = PBXBuildFile; fileRef = 114D2ADF264B1426008071BA /* Configurable.swift */; };
		114D2AEC264B1526008071BA /* SignInUserPresenter.swift in Sources */ = {isa = PBXBuildFile; fileRef = 114D2AE8264B1526008071BA /* SignInUserPresenter.swift */; };
		114D2AED264B1526008071BA /* SignInUserRouter.swift in Sources */ = {isa = PBXBuildFile; fileRef = 114D2AE9264B1526008071BA /* SignInUserRouter.swift */; };
		114D2AEE264B1526008071BA /* SignInUserController.swift in Sources */ = {isa = PBXBuildFile; fileRef = 114D2AEA264B1526008071BA /* SignInUserController.swift */; };
		114D2AEF264B1526008071BA /* SignInUserConfigurator.swift in Sources */ = {isa = PBXBuildFile; fileRef = 114D2AEB264B1526008071BA /* SignInUserConfigurator.swift */; };
		114D2AFD264C3791008071BA /* UIViewExtensions.swift in Sources */ = {isa = PBXBuildFile; fileRef = 114D2AFC264C3791008071BA /* UIViewExtensions.swift */; };
		114D2B1D264C413A008071BA /* LoaderOverlayable.swift in Sources */ = {isa = PBXBuildFile; fileRef = 114D2B1C264C413A008071BA /* LoaderOverlayable.swift */; };
		114D2B30264DA02C008071BA /* UserHomePresenter.swift in Sources */ = {isa = PBXBuildFile; fileRef = 114D2B2C264DA02C008071BA /* UserHomePresenter.swift */; };
		114D2B31264DA02C008071BA /* UserHomeRouter.swift in Sources */ = {isa = PBXBuildFile; fileRef = 114D2B2D264DA02C008071BA /* UserHomeRouter.swift */; };
		114D2B32264DA02C008071BA /* UserHomeController.swift in Sources */ = {isa = PBXBuildFile; fileRef = 114D2B2E264DA02C008071BA /* UserHomeController.swift */; };
		114D2B33264DA02C008071BA /* UserHomeConfigurator.swift in Sources */ = {isa = PBXBuildFile; fileRef = 114D2B2F264DA02C008071BA /* UserHomeConfigurator.swift */; };
		114DE0EE2643039800B7AE7F /* AppDelegate.swift in Sources */ = {isa = PBXBuildFile; fileRef = 114DE0ED2643039800B7AE7F /* AppDelegate.swift */; };
		114DE0F02643039800B7AE7F /* SceneDelegate.swift in Sources */ = {isa = PBXBuildFile; fileRef = 114DE0EF2643039800B7AE7F /* SceneDelegate.swift */; };
		114DE0F22643039800B7AE7F /* ViewController.swift in Sources */ = {isa = PBXBuildFile; fileRef = 114DE0F12643039800B7AE7F /* ViewController.swift */; };
		114DE0F52643039800B7AE7F /* Main.storyboard in Resources */ = {isa = PBXBuildFile; fileRef = 114DE0F32643039800B7AE7F /* Main.storyboard */; };
		114DE0F72643039A00B7AE7F /* Assets.xcassets in Resources */ = {isa = PBXBuildFile; fileRef = 114DE0F62643039A00B7AE7F /* Assets.xcassets */; };
		114DE0FA2643039A00B7AE7F /* LaunchScreen.storyboard in Resources */ = {isa = PBXBuildFile; fileRef = 114DE0F82643039A00B7AE7F /* LaunchScreen.storyboard */; };
		114DE1052643059000B7AE7F /* GoogleService-Info.plist in Resources */ = {isa = PBXBuildFile; fileRef = 114DE1042643059000B7AE7F /* GoogleService-Info.plist */; };
		114DE1F52646F63100B7AE7F /* WayoutDummy.swift in Sources */ = {isa = PBXBuildFile; fileRef = 114DE1F42646F63100B7AE7F /* WayoutDummy.swift */; };
		114DE21B2646F77400B7AE7F /* Core.framework in Copy Frameworks */ = {isa = PBXBuildFile; fileRef = 114DE2192646F72B00B7AE7F /* Core.framework */; settings = {ATTRIBUTES = (CodeSignOnCopy, RemoveHeadersOnCopy, ); }; };
		114DE24C2646F97F00B7AE7F /* WayOutManager.framework in Copy Frameworks */ = {isa = PBXBuildFile; fileRef = 114DE24B2646F96600B7AE7F /* WayOutManager.framework */; settings = {ATTRIBUTES = (CodeSignOnCopy, RemoveHeadersOnCopy, ); }; };
		11BD34E9266BC0E600C70734 /* PlateRecognizer.swift in Sources */ = {isa = PBXBuildFile; fileRef = 11BD34E8266BC0E600C70734 /* PlateRecognizer.swift */; };
		11BD34EC266BC98800C70734 /* PlateRecognizerError.swift in Sources */ = {isa = PBXBuildFile; fileRef = 11BD34EB266BC98800C70734 /* PlateRecognizerError.swift */; };
		11BD34F4266BD1FF00C70734 /* InfoDialog.swift in Sources */ = {isa = PBXBuildFile; fileRef = 11BD34F3266BD1FF00C70734 /* InfoDialog.swift */; };
		11D815662674F3B90028EFF4 /* MyOrganizationCell.swift in Sources */ = {isa = PBXBuildFile; fileRef = 11D815642674F3B90028EFF4 /* MyOrganizationCell.swift */; };
		11D815672674F3B90028EFF4 /* MyOrganizationCell.xib in Resources */ = {isa = PBXBuildFile; fileRef = 11D815652674F3B90028EFF4 /* MyOrganizationCell.xib */; };
		11D815692674F4030028EFF4 /* MyOrganizationCellModel.swift in Sources */ = {isa = PBXBuildFile; fileRef = 11D815682674F4030028EFF4 /* MyOrganizationCellModel.swift */; };
		11D8156F26750B980028EFF4 /* OrganizationChooserPresenter.swift in Sources */ = {isa = PBXBuildFile; fileRef = 11D8156B26750B980028EFF4 /* OrganizationChooserPresenter.swift */; };
		11D8157026750B980028EFF4 /* OrganizationChooserRouter.swift in Sources */ = {isa = PBXBuildFile; fileRef = 11D8156C26750B980028EFF4 /* OrganizationChooserRouter.swift */; };
		11D8157126750B980028EFF4 /* OrganizationChooserController.swift in Sources */ = {isa = PBXBuildFile; fileRef = 11D8156D26750B980028EFF4 /* OrganizationChooserController.swift */; };
		11D8157226750B980028EFF4 /* OrganizationChooserConfigurator.swift in Sources */ = {isa = PBXBuildFile; fileRef = 11D8156E26750B980028EFF4 /* OrganizationChooserConfigurator.swift */; };
		11EE830C2667F4EB000C12B1 /* PlateScannerPresenter.swift in Sources */ = {isa = PBXBuildFile; fileRef = 11EE83082667F4EB000C12B1 /* PlateScannerPresenter.swift */; };
		11EE830D2667F4EB000C12B1 /* PlateScannerRouter.swift in Sources */ = {isa = PBXBuildFile; fileRef = 11EE83092667F4EB000C12B1 /* PlateScannerRouter.swift */; };
		11EE830E2667F4EB000C12B1 /* PlateScannerController.swift in Sources */ = {isa = PBXBuildFile; fileRef = 11EE830A2667F4EB000C12B1 /* PlateScannerController.swift */; };
		11EE830F2667F4EB000C12B1 /* PlateScannerConfigurator.swift in Sources */ = {isa = PBXBuildFile; fileRef = 11EE830B2667F4EB000C12B1 /* PlateScannerConfigurator.swift */; };
		C45B31497E248A1861313788 /* Pods_WayOut.framework in Frameworks */ = {isa = PBXBuildFile; fileRef = D5185D34FCE74E2D1E835331 /* Pods_WayOut.framework */; };
/* End PBXBuildFile section */

/* Begin PBXContainerItemProxy section */
		114DE2182646F72B00B7AE7F /* PBXContainerItemProxy */ = {
			isa = PBXContainerItemProxy;
			containerPortal = 114DE2142646F72B00B7AE7F /* Core.xcodeproj */;
			proxyType = 2;
			remoteGlobalIDString = 114DE1BF2646959F00B7AE7F;
			remoteInfo = Core;
		};
		114DE24A2646F96600B7AE7F /* PBXContainerItemProxy */ = {
			isa = PBXContainerItemProxy;
			containerPortal = 114DE2452646F96600B7AE7F /* WayOutManager.xcodeproj */;
			proxyType = 2;
			remoteGlobalIDString = 114DE2262646F83C00B7AE7F;
			remoteInfo = WayOutManager;
		};
/* End PBXContainerItemProxy section */

/* Begin PBXCopyFilesBuildPhase section */
		114DE21A2646F74600B7AE7F /* Copy Frameworks */ = {
			isa = PBXCopyFilesBuildPhase;
			buildActionMask = 2147483647;
			dstPath = "";
			dstSubfolderSpec = 10;
			files = (
				114DE21B2646F77400B7AE7F /* Core.framework in Copy Frameworks */,
				114DE24C2646F97F00B7AE7F /* WayOutManager.framework in Copy Frameworks */,
			);
			name = "Copy Frameworks";
			runOnlyForDeploymentPostprocessing = 0;
		};
/* End PBXCopyFilesBuildPhase section */

/* Begin PBXFileReference section */
		112C0BC526596BF70073FC92 /* TitleCell.swift */ = {isa = PBXFileReference; lastKnownFileType = sourcecode.swift; path = TitleCell.swift; sourceTree = "<group>"; };
		112C0BC626596BF70073FC92 /* TitleCell.xib */ = {isa = PBXFileReference; lastKnownFileType = file.xib; path = TitleCell.xib; sourceTree = "<group>"; };
		112C0BC926596C8B0073FC92 /* TitleCellModel.swift */ = {isa = PBXFileReference; lastKnownFileType = sourcecode.swift; path = TitleCellModel.swift; sourceTree = "<group>"; };
		112C0BCC26596DC70073FC92 /* JoinOrganizationCell.swift */ = {isa = PBXFileReference; lastKnownFileType = sourcecode.swift; path = JoinOrganizationCell.swift; sourceTree = "<group>"; };
		112C0BCD26596DC70073FC92 /* JoinOrganizationCell.xib */ = {isa = PBXFileReference; lastKnownFileType = file.xib; path = JoinOrganizationCell.xib; sourceTree = "<group>"; };
		112C0BD02659710C0073FC92 /* JoinOrganizationCellModel.swift */ = {isa = PBXFileReference; lastKnownFileType = sourcecode.swift; path = JoinOrganizationCellModel.swift; sourceTree = "<group>"; };
		1147BFC7264DA84C0030B6B4 /* Reusable.swift */ = {isa = PBXFileReference; lastKnownFileType = sourcecode.swift; path = Reusable.swift; sourceTree = "<group>"; };
		1147BFCB264DA8710030B6B4 /* CellConfiguration.swift */ = {isa = PBXFileReference; lastKnownFileType = sourcecode.swift; path = CellConfiguration.swift; sourceTree = "<group>"; };
		1147BFD0264DA90B0030B6B4 /* PersonalInfoCell.swift */ = {isa = PBXFileReference; lastKnownFileType = sourcecode.swift; path = PersonalInfoCell.swift; sourceTree = "<group>"; };
		1147BFD1264DA90B0030B6B4 /* PersonalInfoCell.xib */ = {isa = PBXFileReference; lastKnownFileType = file.xib; path = PersonalInfoCell.xib; sourceTree = "<group>"; };
		1147BFD5264DAA5C0030B6B4 /* PersonalInfoCellModel.swift */ = {isa = PBXFileReference; lastKnownFileType = sourcecode.swift; path = PersonalInfoCellModel.swift; sourceTree = "<group>"; };
		1147BFDE264DB0160030B6B4 /* GreetingCell.swift */ = {isa = PBXFileReference; lastKnownFileType = sourcecode.swift; path = GreetingCell.swift; sourceTree = "<group>"; };
		1147BFDF264DB0160030B6B4 /* GreetingCell.xib */ = {isa = PBXFileReference; lastKnownFileType = file.xib; path = GreetingCell.xib; sourceTree = "<group>"; };
		1147BFE2264DB0EE0030B6B4 /* GreetingCellModel.swift */ = {isa = PBXFileReference; lastKnownFileType = sourcecode.swift; path = GreetingCellModel.swift; sourceTree = "<group>"; };
		114D2A9E264B0294008071BA /* SignUpUserPresenter.swift */ = {isa = PBXFileReference; lastKnownFileType = sourcecode.swift; path = SignUpUserPresenter.swift; sourceTree = "<group>"; };
		114D2A9F264B0294008071BA /* SignUpUserRouter.swift */ = {isa = PBXFileReference; lastKnownFileType = sourcecode.swift; path = SignUpUserRouter.swift; sourceTree = "<group>"; };
		114D2AA0264B0294008071BA /* SignUpUserController.swift */ = {isa = PBXFileReference; lastKnownFileType = sourcecode.swift; path = SignUpUserController.swift; sourceTree = "<group>"; };
		114D2AA1264B0294008071BA /* SignUpUserConfigurator.swift */ = {isa = PBXFileReference; lastKnownFileType = sourcecode.swift; path = SignUpUserConfigurator.swift; sourceTree = "<group>"; };
		114D2AD6264B0784008071BA /* WelcomePresenter.swift */ = {isa = PBXFileReference; lastKnownFileType = sourcecode.swift; path = WelcomePresenter.swift; sourceTree = "<group>"; };
		114D2AD7264B0784008071BA /* WelcomeRouter.swift */ = {isa = PBXFileReference; lastKnownFileType = sourcecode.swift; path = WelcomeRouter.swift; sourceTree = "<group>"; };
		114D2AD8264B0784008071BA /* WelcomeController.swift */ = {isa = PBXFileReference; lastKnownFileType = sourcecode.swift; path = WelcomeController.swift; sourceTree = "<group>"; };
		114D2AD9264B0784008071BA /* WelcomeConfigurator.swift */ = {isa = PBXFileReference; lastKnownFileType = sourcecode.swift; path = WelcomeConfigurator.swift; sourceTree = "<group>"; };
		114D2ADF264B1426008071BA /* Configurable.swift */ = {isa = PBXFileReference; lastKnownFileType = sourcecode.swift; path = Configurable.swift; sourceTree = "<group>"; };
		114D2AE8264B1526008071BA /* SignInUserPresenter.swift */ = {isa = PBXFileReference; lastKnownFileType = sourcecode.swift; path = SignInUserPresenter.swift; sourceTree = "<group>"; };
		114D2AE9264B1526008071BA /* SignInUserRouter.swift */ = {isa = PBXFileReference; lastKnownFileType = sourcecode.swift; path = SignInUserRouter.swift; sourceTree = "<group>"; };
		114D2AEA264B1526008071BA /* SignInUserController.swift */ = {isa = PBXFileReference; lastKnownFileType = sourcecode.swift; path = SignInUserController.swift; sourceTree = "<group>"; };
		114D2AEB264B1526008071BA /* SignInUserConfigurator.swift */ = {isa = PBXFileReference; lastKnownFileType = sourcecode.swift; path = SignInUserConfigurator.swift; sourceTree = "<group>"; };
		114D2AFC264C3791008071BA /* UIViewExtensions.swift */ = {isa = PBXFileReference; lastKnownFileType = sourcecode.swift; path = UIViewExtensions.swift; sourceTree = "<group>"; };
		114D2B1C264C413A008071BA /* LoaderOverlayable.swift */ = {isa = PBXFileReference; lastKnownFileType = sourcecode.swift; path = LoaderOverlayable.swift; sourceTree = "<group>"; };
		114D2B2C264DA02C008071BA /* UserHomePresenter.swift */ = {isa = PBXFileReference; lastKnownFileType = sourcecode.swift; path = UserHomePresenter.swift; sourceTree = "<group>"; };
		114D2B2D264DA02C008071BA /* UserHomeRouter.swift */ = {isa = PBXFileReference; lastKnownFileType = sourcecode.swift; path = UserHomeRouter.swift; sourceTree = "<group>"; };
		114D2B2E264DA02C008071BA /* UserHomeController.swift */ = {isa = PBXFileReference; lastKnownFileType = sourcecode.swift; path = UserHomeController.swift; sourceTree = "<group>"; };
		114D2B2F264DA02C008071BA /* UserHomeConfigurator.swift */ = {isa = PBXFileReference; lastKnownFileType = sourcecode.swift; path = UserHomeConfigurator.swift; sourceTree = "<group>"; };
		114DE0EA2643039800B7AE7F /* WayOut.app */ = {isa = PBXFileReference; explicitFileType = wrapper.application; includeInIndex = 0; path = WayOut.app; sourceTree = BUILT_PRODUCTS_DIR; };
		114DE0ED2643039800B7AE7F /* AppDelegate.swift */ = {isa = PBXFileReference; lastKnownFileType = sourcecode.swift; path = AppDelegate.swift; sourceTree = "<group>"; };
		114DE0EF2643039800B7AE7F /* SceneDelegate.swift */ = {isa = PBXFileReference; lastKnownFileType = sourcecode.swift; path = SceneDelegate.swift; sourceTree = "<group>"; };
		114DE0F12643039800B7AE7F /* ViewController.swift */ = {isa = PBXFileReference; lastKnownFileType = sourcecode.swift; path = ViewController.swift; sourceTree = "<group>"; };
		114DE0F42643039800B7AE7F /* Base */ = {isa = PBXFileReference; lastKnownFileType = file.storyboard; name = Base; path = Base.lproj/Main.storyboard; sourceTree = "<group>"; };
		114DE0F62643039A00B7AE7F /* Assets.xcassets */ = {isa = PBXFileReference; lastKnownFileType = folder.assetcatalog; path = Assets.xcassets; sourceTree = "<group>"; };
		114DE0F92643039A00B7AE7F /* Base */ = {isa = PBXFileReference; lastKnownFileType = file.storyboard; name = Base; path = Base.lproj/LaunchScreen.storyboard; sourceTree = "<group>"; };
		114DE0FB2643039A00B7AE7F /* Info.plist */ = {isa = PBXFileReference; lastKnownFileType = text.plist.xml; path = Info.plist; sourceTree = "<group>"; };
		114DE1042643059000B7AE7F /* GoogleService-Info.plist */ = {isa = PBXFileReference; fileEncoding = 4; lastKnownFileType = text.plist.xml; path = "GoogleService-Info.plist"; sourceTree = "<group>"; };
		114DE1F42646F63100B7AE7F /* WayoutDummy.swift */ = {isa = PBXFileReference; lastKnownFileType = sourcecode.swift; path = WayoutDummy.swift; sourceTree = "<group>"; };
		114DE2142646F72B00B7AE7F /* Core.xcodeproj */ = {isa = PBXFileReference; lastKnownFileType = "wrapper.pb-project"; name = Core.xcodeproj; path = Core/Core.xcodeproj; sourceTree = "<group>"; };
		114DE2452646F96600B7AE7F /* WayOutManager.xcodeproj */ = {isa = PBXFileReference; lastKnownFileType = "wrapper.pb-project"; name = WayOutManager.xcodeproj; path = WayOutManager/WayOutManager.xcodeproj; sourceTree = "<group>"; };
		11BD34E8266BC0E600C70734 /* PlateRecognizer.swift */ = {isa = PBXFileReference; lastKnownFileType = sourcecode.swift; path = PlateRecognizer.swift; sourceTree = "<group>"; };
		11BD34EB266BC98800C70734 /* PlateRecognizerError.swift */ = {isa = PBXFileReference; lastKnownFileType = sourcecode.swift; path = PlateRecognizerError.swift; sourceTree = "<group>"; };
		11BD34F3266BD1FF00C70734 /* InfoDialog.swift */ = {isa = PBXFileReference; lastKnownFileType = sourcecode.swift; path = InfoDialog.swift; sourceTree = "<group>"; };
		11D815642674F3B90028EFF4 /* MyOrganizationCell.swift */ = {isa = PBXFileReference; lastKnownFileType = sourcecode.swift; path = MyOrganizationCell.swift; sourceTree = "<group>"; };
		11D815652674F3B90028EFF4 /* MyOrganizationCell.xib */ = {isa = PBXFileReference; lastKnownFileType = file.xib; path = MyOrganizationCell.xib; sourceTree = "<group>"; };
		11D815682674F4030028EFF4 /* MyOrganizationCellModel.swift */ = {isa = PBXFileReference; lastKnownFileType = sourcecode.swift; path = MyOrganizationCellModel.swift; sourceTree = "<group>"; };
		11D8156B26750B980028EFF4 /* OrganizationChooserPresenter.swift */ = {isa = PBXFileReference; lastKnownFileType = sourcecode.swift; path = OrganizationChooserPresenter.swift; sourceTree = "<group>"; };
		11D8156C26750B980028EFF4 /* OrganizationChooserRouter.swift */ = {isa = PBXFileReference; lastKnownFileType = sourcecode.swift; path = OrganizationChooserRouter.swift; sourceTree = "<group>"; };
		11D8156D26750B980028EFF4 /* OrganizationChooserController.swift */ = {isa = PBXFileReference; lastKnownFileType = sourcecode.swift; path = OrganizationChooserController.swift; sourceTree = "<group>"; };
		11D8156E26750B980028EFF4 /* OrganizationChooserConfigurator.swift */ = {isa = PBXFileReference; lastKnownFileType = sourcecode.swift; path = OrganizationChooserConfigurator.swift; sourceTree = "<group>"; };
		11EE83082667F4EB000C12B1 /* PlateScannerPresenter.swift */ = {isa = PBXFileReference; lastKnownFileType = sourcecode.swift; path = PlateScannerPresenter.swift; sourceTree = "<group>"; };
		11EE83092667F4EB000C12B1 /* PlateScannerRouter.swift */ = {isa = PBXFileReference; lastKnownFileType = sourcecode.swift; path = PlateScannerRouter.swift; sourceTree = "<group>"; };
		11EE830A2667F4EB000C12B1 /* PlateScannerController.swift */ = {isa = PBXFileReference; lastKnownFileType = sourcecode.swift; path = PlateScannerController.swift; sourceTree = "<group>"; };
		11EE830B2667F4EB000C12B1 /* PlateScannerConfigurator.swift */ = {isa = PBXFileReference; lastKnownFileType = sourcecode.swift; path = PlateScannerConfigurator.swift; sourceTree = "<group>"; };
		2A7BBAE7A6E532138F92CA89 /* Pods-WayOut.debug.xcconfig */ = {isa = PBXFileReference; includeInIndex = 1; lastKnownFileType = text.xcconfig; name = "Pods-WayOut.debug.xcconfig"; path = "Target Support Files/Pods-WayOut/Pods-WayOut.debug.xcconfig"; sourceTree = "<group>"; };
		4A8493F60A81A6164602CA03 /* Pods-WayOut.release.xcconfig */ = {isa = PBXFileReference; includeInIndex = 1; lastKnownFileType = text.xcconfig; name = "Pods-WayOut.release.xcconfig"; path = "Target Support Files/Pods-WayOut/Pods-WayOut.release.xcconfig"; sourceTree = "<group>"; };
		D5185D34FCE74E2D1E835331 /* Pods_WayOut.framework */ = {isa = PBXFileReference; explicitFileType = wrapper.framework; includeInIndex = 0; path = Pods_WayOut.framework; sourceTree = BUILT_PRODUCTS_DIR; };
/* End PBXFileReference section */

/* Begin PBXFrameworksBuildPhase section */
		114DE0E72643039800B7AE7F /* Frameworks */ = {
			isa = PBXFrameworksBuildPhase;
			buildActionMask = 2147483647;
			files = (
				C45B31497E248A1861313788 /* Pods_WayOut.framework in Frameworks */,
			);
			runOnlyForDeploymentPostprocessing = 0;
		};
/* End PBXFrameworksBuildPhase section */

/* Begin PBXGroup section */
		112C0BC226596BE10073FC92 /* TitleCell */ = {
			isa = PBXGroup;
			children = (
				112C0BC526596BF70073FC92 /* TitleCell.swift */,
				112C0BC626596BF70073FC92 /* TitleCell.xib */,
			);
			path = TitleCell;
			sourceTree = "<group>";
		};
		112C0BCB26596D8C0073FC92 /* JoinOrganizationCell */ = {
			isa = PBXGroup;
			children = (
				112C0BCC26596DC70073FC92 /* JoinOrganizationCell.swift */,
				112C0BCD26596DC70073FC92 /* JoinOrganizationCell.xib */,
			);
			path = JoinOrganizationCell;
			sourceTree = "<group>";
		};
		1147BFCD264DA8940030B6B4 /* TableComponents */ = {
			isa = PBXGroup;
			children = (
				1147BFD4264DAA020030B6B4 /* Models */,
				1147BFCE264DA8CA0030B6B4 /* Cells */,
			);
			path = TableComponents;
			sourceTree = "<group>";
		};
		1147BFCE264DA8CA0030B6B4 /* Cells */ = {
			isa = PBXGroup;
			children = (
				11D815612674F3900028EFF4 /* MyOrganizationCell */,
				112C0BCB26596D8C0073FC92 /* JoinOrganizationCell */,
				1147BFDD264DAFF70030B6B4 /* GreetingCell */,
				1147BFCF264DA8EF0030B6B4 /* PersonalInfoCell */,
				112C0BC226596BE10073FC92 /* TitleCell */,
			);
			path = Cells;
			sourceTree = "<group>";
		};
		1147BFCF264DA8EF0030B6B4 /* PersonalInfoCell */ = {
			isa = PBXGroup;
			children = (
				1147BFD0264DA90B0030B6B4 /* PersonalInfoCell.swift */,
				1147BFD1264DA90B0030B6B4 /* PersonalInfoCell.xib */,
			);
			path = PersonalInfoCell;
			sourceTree = "<group>";
		};
		1147BFD4264DAA020030B6B4 /* Models */ = {
			isa = PBXGroup;
			children = (
				1147BFE2264DB0EE0030B6B4 /* GreetingCellModel.swift */,
				1147BFD5264DAA5C0030B6B4 /* PersonalInfoCellModel.swift */,
				112C0BC926596C8B0073FC92 /* TitleCellModel.swift */,
				112C0BD02659710C0073FC92 /* JoinOrganizationCellModel.swift */,
				11D815682674F4030028EFF4 /* MyOrganizationCellModel.swift */,
			);
			path = Models;
			sourceTree = "<group>";
		};
		1147BFDD264DAFF70030B6B4 /* GreetingCell */ = {
			isa = PBXGroup;
			children = (
				1147BFDE264DB0160030B6B4 /* GreetingCell.swift */,
				1147BFDF264DB0160030B6B4 /* GreetingCell.xib */,
			);
			path = GreetingCell;
			sourceTree = "<group>";
		};
		114D2A99264B01FC008071BA /* SupportingFiles */ = {
			isa = PBXGroup;
			children = (
				114DE0ED2643039800B7AE7F /* AppDelegate.swift */,
				114DE0EF2643039800B7AE7F /* SceneDelegate.swift */,
				114DE0F62643039A00B7AE7F /* Assets.xcassets */,
				114DE0F82643039A00B7AE7F /* LaunchScreen.storyboard */,
				114DE0FB2643039A00B7AE7F /* Info.plist */,
				114DE1042643059000B7AE7F /* GoogleService-Info.plist */,
			);
			path = SupportingFiles;
			sourceTree = "<group>";
		};
		114D2A9C264B026E008071BA /* Scenes */ = {
			isa = PBXGroup;
			children = (
				114D2AD5264B0766008071BA /* Welcome */,
				114D2AE7264B150B008071BA /* SignIn */,
				114D2A9D264B0274008071BA /* SignUp */,
				114D2B29264DA00D008071BA /* Home */,
				11EE83052667F4A6000C12B1 /* PlateScanner */,
				11BD34F0266BD1D600C70734 /* InfoDialog */,
				11D8156A26750B400028EFF4 /* OrganizationChooser */,
			);
			path = Scenes;
			sourceTree = "<group>";
		};
		114D2A9D264B0274008071BA /* SignUp */ = {
			isa = PBXGroup;
			children = (
				114D2AA0264B0294008071BA /* SignUpUserController.swift */,
				114D2A9E264B0294008071BA /* SignUpUserPresenter.swift */,
				114D2A9F264B0294008071BA /* SignUpUserRouter.swift */,
				114D2AA1264B0294008071BA /* SignUpUserConfigurator.swift */,
			);
			path = SignUp;
			sourceTree = "<group>";
		};
		114D2AD5264B0766008071BA /* Welcome */ = {
			isa = PBXGroup;
			children = (
				114D2AD8264B0784008071BA /* WelcomeController.swift */,
				114D2AD6264B0784008071BA /* WelcomePresenter.swift */,
				114D2AD7264B0784008071BA /* WelcomeRouter.swift */,
				114D2AD9264B0784008071BA /* WelcomeConfigurator.swift */,
			);
			path = Welcome;
			sourceTree = "<group>";
		};
		114D2ADE264B1404008071BA /* Utils */ = {
			isa = PBXGroup;
			children = (
				114D2AF9264C3783008071BA /* Extensions */,
				114D2ADF264B1426008071BA /* Configurable.swift */,
				114D2B1C264C413A008071BA /* LoaderOverlayable.swift */,
				1147BFC7264DA84C0030B6B4 /* Reusable.swift */,
				1147BFCB264DA8710030B6B4 /* CellConfiguration.swift */,
			);
			path = Utils;
			sourceTree = "<group>";
		};
		114D2AE7264B150B008071BA /* SignIn */ = {
			isa = PBXGroup;
			children = (
				114D2AEA264B1526008071BA /* SignInUserController.swift */,
				114D2AE8264B1526008071BA /* SignInUserPresenter.swift */,
				114D2AE9264B1526008071BA /* SignInUserRouter.swift */,
				114D2AEB264B1526008071BA /* SignInUserConfigurator.swift */,
			);
			path = SignIn;
			sourceTree = "<group>";
		};
		114D2AF9264C3783008071BA /* Extensions */ = {
			isa = PBXGroup;
			children = (
				114D2AFC264C3791008071BA /* UIViewExtensions.swift */,
			);
			path = Extensions;
			sourceTree = "<group>";
		};
		114D2B29264DA00D008071BA /* Home */ = {
			isa = PBXGroup;
			children = (
				1147BFCD264DA8940030B6B4 /* TableComponents */,
				114D2B2E264DA02C008071BA /* UserHomeController.swift */,
				114D2B2C264DA02C008071BA /* UserHomePresenter.swift */,
				114D2B2D264DA02C008071BA /* UserHomeRouter.swift */,
				114D2B2F264DA02C008071BA /* UserHomeConfigurator.swift */,
			);
			path = Home;
			sourceTree = "<group>";
		};
		114DE0E12643039700B7AE7F = {
			isa = PBXGroup;
			children = (
				114DE2132646F70C00B7AE7F /* Dependencies */,
				114DE0EC2643039800B7AE7F /* WayOut */,
				114DE0EB2643039800B7AE7F /* Products */,
				D4545FBB4DD58FB0FD5BBFF1 /* Pods */,
				6D61E70E6DFEDE7BD07DBDE1 /* Frameworks */,
			);
			sourceTree = "<group>";
		};
		114DE0EB2643039800B7AE7F /* Products */ = {
			isa = PBXGroup;
			children = (
				114DE0EA2643039800B7AE7F /* WayOut.app */,
			);
			name = Products;
			sourceTree = "<group>";
		};
		114DE0EC2643039800B7AE7F /* WayOut */ = {
			isa = PBXGroup;
			children = (
				114D2A9C264B026E008071BA /* Scenes */,
				11BD34E5266BC0AD00C70734 /* Services */,
				114D2ADE264B1404008071BA /* Utils */,
				114D2A99264B01FC008071BA /* SupportingFiles */,
				114DE0F12643039800B7AE7F /* ViewController.swift */,
				114DE0F32643039800B7AE7F /* Main.storyboard */,
				114DE1F42646F63100B7AE7F /* WayoutDummy.swift */,
			);
			path = WayOut;
			sourceTree = "<group>";
		};
		114DE2132646F70C00B7AE7F /* Dependencies */ = {
			isa = PBXGroup;
			children = (
				114DE2452646F96600B7AE7F /* WayOutManager.xcodeproj */,
				114DE2142646F72B00B7AE7F /* Core.xcodeproj */,
			);
			name = Dependencies;
			sourceTree = "<group>";
		};
		114DE2152646F72B00B7AE7F /* Products */ = {
			isa = PBXGroup;
			children = (
				114DE2192646F72B00B7AE7F /* Core.framework */,
			);
			name = Products;
			sourceTree = "<group>";
		};
		114DE2462646F96600B7AE7F /* Products */ = {
			isa = PBXGroup;
			children = (
				114DE24B2646F96600B7AE7F /* WayOutManager.framework */,
			);
			name = Products;
			sourceTree = "<group>";
		};
		11BD34E5266BC0AD00C70734 /* Services */ = {
			isa = PBXGroup;
			children = (
				11BD34EA266BC97100C70734 /* PlateRecognizer */,
			);
			path = Services;
			sourceTree = "<group>";
		};
		11BD34EA266BC97100C70734 /* PlateRecognizer */ = {
			isa = PBXGroup;
			children = (
				11BD34E8266BC0E600C70734 /* PlateRecognizer.swift */,
				11BD34EB266BC98800C70734 /* PlateRecognizerError.swift */,
			);
			path = PlateRecognizer;
			sourceTree = "<group>";
		};
		11BD34F0266BD1D600C70734 /* InfoDialog */ = {
			isa = PBXGroup;
			children = (
				11BD34F3266BD1FF00C70734 /* InfoDialog.swift */,
			);
			path = InfoDialog;
			sourceTree = "<group>";
		};
		11D815612674F3900028EFF4 /* MyOrganizationCell */ = {
			isa = PBXGroup;
			children = (
				11D815642674F3B90028EFF4 /* MyOrganizationCell.swift */,
				11D815652674F3B90028EFF4 /* MyOrganizationCell.xib */,
			);
			path = MyOrganizationCell;
			sourceTree = "<group>";
		};
		11D8156A26750B400028EFF4 /* OrganizationChooser */ = {
			isa = PBXGroup;
			children = (
				11D8156D26750B980028EFF4 /* OrganizationChooserController.swift */,
				11D8156B26750B980028EFF4 /* OrganizationChooserPresenter.swift */,
				11D8156C26750B980028EFF4 /* OrganizationChooserRouter.swift */,
				11D8156E26750B980028EFF4 /* OrganizationChooserConfigurator.swift */,
			);
			path = OrganizationChooser;
			sourceTree = "<group>";
		};
		11EE83052667F4A6000C12B1 /* PlateScanner */ = {
			isa = PBXGroup;
			children = (
				11EE830A2667F4EB000C12B1 /* PlateScannerController.swift */,
				11EE83082667F4EB000C12B1 /* PlateScannerPresenter.swift */,
				11EE83092667F4EB000C12B1 /* PlateScannerRouter.swift */,
				11EE830B2667F4EB000C12B1 /* PlateScannerConfigurator.swift */,
			);
			path = PlateScanner;
			sourceTree = "<group>";
		};
		6D61E70E6DFEDE7BD07DBDE1 /* Frameworks */ = {
			isa = PBXGroup;
			children = (
				D5185D34FCE74E2D1E835331 /* Pods_WayOut.framework */,
			);
			name = Frameworks;
			sourceTree = "<group>";
		};
		D4545FBB4DD58FB0FD5BBFF1 /* Pods */ = {
			isa = PBXGroup;
			children = (
				2A7BBAE7A6E532138F92CA89 /* Pods-WayOut.debug.xcconfig */,
				4A8493F60A81A6164602CA03 /* Pods-WayOut.release.xcconfig */,
			);
			path = Pods;
			sourceTree = "<group>";
		};
/* End PBXGroup section */

/* Begin PBXNativeTarget section */
		114DE0E92643039800B7AE7F /* WayOut */ = {
			isa = PBXNativeTarget;
			buildConfigurationList = 114DE0FE2643039A00B7AE7F /* Build configuration list for PBXNativeTarget "WayOut" */;
			buildPhases = (
				54E4B2CF9EB988CF50600958 /* [CP] Check Pods Manifest.lock */,
				114DE0E62643039800B7AE7F /* Sources */,
				114DE0E72643039800B7AE7F /* Frameworks */,
				114DE0E82643039800B7AE7F /* Resources */,
				D5F5BEA07A1991C84687B485 /* [CP] Embed Pods Frameworks */,
				114DE21A2646F74600B7AE7F /* Copy Frameworks */,
			);
			buildRules = (
			);
			dependencies = (
			);
			name = WayOut;
			productName = WayOut;
			productReference = 114DE0EA2643039800B7AE7F /* WayOut.app */;
			productType = "com.apple.product-type.application";
		};
/* End PBXNativeTarget section */

/* Begin PBXProject section */
		114DE0E22643039700B7AE7F /* Project object */ = {
			isa = PBXProject;
			attributes = {
				LastSwiftUpdateCheck = 1240;
				LastUpgradeCheck = 1240;
				TargetAttributes = {
					114DE0E92643039800B7AE7F = {
						CreatedOnToolsVersion = 12.4;
					};
				};
			};
			buildConfigurationList = 114DE0E52643039700B7AE7F /* Build configuration list for PBXProject "WayOut" */;
			compatibilityVersion = "Xcode 9.3";
			developmentRegion = en;
			hasScannedForEncodings = 0;
			knownRegions = (
				en,
				Base,
			);
			mainGroup = 114DE0E12643039700B7AE7F;
			productRefGroup = 114DE0EB2643039800B7AE7F /* Products */;
			projectDirPath = "";
			projectReferences = (
				{
					ProductGroup = 114DE2152646F72B00B7AE7F /* Products */;
					ProjectRef = 114DE2142646F72B00B7AE7F /* Core.xcodeproj */;
				},
				{
					ProductGroup = 114DE2462646F96600B7AE7F /* Products */;
					ProjectRef = 114DE2452646F96600B7AE7F /* WayOutManager.xcodeproj */;
				},
			);
			projectRoot = "";
			targets = (
				114DE0E92643039800B7AE7F /* WayOut */,
			);
		};
/* End PBXProject section */

/* Begin PBXReferenceProxy section */
		114DE2192646F72B00B7AE7F /* Core.framework */ = {
			isa = PBXReferenceProxy;
			fileType = wrapper.framework;
			path = Core.framework;
			remoteRef = 114DE2182646F72B00B7AE7F /* PBXContainerItemProxy */;
			sourceTree = BUILT_PRODUCTS_DIR;
		};
		114DE24B2646F96600B7AE7F /* WayOutManager.framework */ = {
			isa = PBXReferenceProxy;
			fileType = wrapper.framework;
			path = WayOutManager.framework;
			remoteRef = 114DE24A2646F96600B7AE7F /* PBXContainerItemProxy */;
			sourceTree = BUILT_PRODUCTS_DIR;
		};
/* End PBXReferenceProxy section */

/* Begin PBXResourcesBuildPhase section */
		114DE0E82643039800B7AE7F /* Resources */ = {
			isa = PBXResourcesBuildPhase;
			buildActionMask = 2147483647;
			files = (
				114DE0FA2643039A00B7AE7F /* LaunchScreen.storyboard in Resources */,
				114DE1052643059000B7AE7F /* GoogleService-Info.plist in Resources */,
				1147BFE1264DB0160030B6B4 /* GreetingCell.xib in Resources */,
				114DE0F72643039A00B7AE7F /* Assets.xcassets in Resources */,
				11D815672674F3B90028EFF4 /* MyOrganizationCell.xib in Resources */,
				1147BFD3264DA90B0030B6B4 /* PersonalInfoCell.xib in Resources */,
				112C0BC826596BF70073FC92 /* TitleCell.xib in Resources */,
				112C0BCF26596DC70073FC92 /* JoinOrganizationCell.xib in Resources */,
				114DE0F52643039800B7AE7F /* Main.storyboard in Resources */,
			);
			runOnlyForDeploymentPostprocessing = 0;
		};
/* End PBXResourcesBuildPhase section */

/* Begin PBXShellScriptBuildPhase section */
		54E4B2CF9EB988CF50600958 /* [CP] Check Pods Manifest.lock */ = {
			isa = PBXShellScriptBuildPhase;
			buildActionMask = 2147483647;
			files = (
			);
			inputFileListPaths = (
			);
			inputPaths = (
				"${PODS_PODFILE_DIR_PATH}/Podfile.lock",
				"${PODS_ROOT}/Manifest.lock",
			);
			name = "[CP] Check Pods Manifest.lock";
			outputFileListPaths = (
			);
			outputPaths = (
				"$(DERIVED_FILE_DIR)/Pods-WayOut-checkManifestLockResult.txt",
			);
			runOnlyForDeploymentPostprocessing = 0;
			shellPath = /bin/sh;
			shellScript = "diff \"${PODS_PODFILE_DIR_PATH}/Podfile.lock\" \"${PODS_ROOT}/Manifest.lock\" > /dev/null\nif [ $? != 0 ] ; then\n    # print error to STDERR\n    echo \"error: The sandbox is not in sync with the Podfile.lock. Run 'pod install' or update your CocoaPods installation.\" >&2\n    exit 1\nfi\n# This output is used by Xcode 'outputs' to avoid re-running this script phase.\necho \"SUCCESS\" > \"${SCRIPT_OUTPUT_FILE_0}\"\n";
			showEnvVarsInLog = 0;
		};
		D5F5BEA07A1991C84687B485 /* [CP] Embed Pods Frameworks */ = {
			isa = PBXShellScriptBuildPhase;
			buildActionMask = 2147483647;
			files = (
			);
			inputFileListPaths = (
				"${PODS_ROOT}/Target Support Files/Pods-WayOut/Pods-WayOut-frameworks-${CONFIGURATION}-input-files.xcfilelist",
			);
			name = "[CP] Embed Pods Frameworks";
			outputFileListPaths = (
				"${PODS_ROOT}/Target Support Files/Pods-WayOut/Pods-WayOut-frameworks-${CONFIGURATION}-output-files.xcfilelist",
			);
			runOnlyForDeploymentPostprocessing = 0;
			shellPath = /bin/sh;
			shellScript = "\"${PODS_ROOT}/Target Support Files/Pods-WayOut/Pods-WayOut-frameworks.sh\"\n";
			showEnvVarsInLog = 0;
		};
/* End PBXShellScriptBuildPhase section */

/* Begin PBXSourcesBuildPhase section */
		114DE0E62643039800B7AE7F /* Sources */ = {
			isa = PBXSourcesBuildPhase;
			buildActionMask = 2147483647;
			files = (
				114D2AEE264B1526008071BA /* SignInUserController.swift in Sources */,
				11D8156F26750B980028EFF4 /* OrganizationChooserPresenter.swift in Sources */,
				114D2B32264DA02C008071BA /* UserHomeController.swift in Sources */,
				114DE0F22643039800B7AE7F /* ViewController.swift in Sources */,
				11EE830D2667F4EB000C12B1 /* PlateScannerRouter.swift in Sources */,
				114D2B33264DA02C008071BA /* UserHomeConfigurator.swift in Sources */,
				114D2AEC264B1526008071BA /* SignInUserPresenter.swift in Sources */,
				114D2ADA264B0784008071BA /* WelcomePresenter.swift in Sources */,
				1147BFD6264DAA5C0030B6B4 /* PersonalInfoCellModel.swift in Sources */,
				11BD34EC266BC98800C70734 /* PlateRecognizerError.swift in Sources */,
				114D2AA3264B0294008071BA /* SignUpUserRouter.swift in Sources */,
				11D8157226750B980028EFF4 /* OrganizationChooserConfigurator.swift in Sources */,
				114D2ADD264B0784008071BA /* WelcomeConfigurator.swift in Sources */,
				114D2AEF264B1526008071BA /* SignInUserConfigurator.swift in Sources */,
				11EE830C2667F4EB000C12B1 /* PlateScannerPresenter.swift in Sources */,
				11EE830F2667F4EB000C12B1 /* PlateScannerConfigurator.swift in Sources */,
				114D2ADB264B0784008071BA /* WelcomeRouter.swift in Sources */,
				11BD34F4266BD1FF00C70734 /* InfoDialog.swift in Sources */,
				114DE1F52646F63100B7AE7F /* WayoutDummy.swift in Sources */,
				11D8157126750B980028EFF4 /* OrganizationChooserController.swift in Sources */,
				112C0BC726596BF70073FC92 /* TitleCell.swift in Sources */,
				112C0BCA26596C8B0073FC92 /* TitleCellModel.swift in Sources */,
				1147BFD2264DA90B0030B6B4 /* PersonalInfoCell.swift in Sources */,
				114D2B1D264C413A008071BA /* LoaderOverlayable.swift in Sources */,
				11D815662674F3B90028EFF4 /* MyOrganizationCell.swift in Sources */,
				1147BFC8264DA84C0030B6B4 /* Reusable.swift in Sources */,
				11BD34E9266BC0E600C70734 /* PlateRecognizer.swift in Sources */,
				114D2ADC264B0784008071BA /* WelcomeController.swift in Sources */,
				114D2B31264DA02C008071BA /* UserHomeRouter.swift in Sources */,
				114DE0EE2643039800B7AE7F /* AppDelegate.swift in Sources */,
				114D2AED264B1526008071BA /* SignInUserRouter.swift in Sources */,
				114D2AA2264B0294008071BA /* SignUpUserPresenter.swift in Sources */,
				114D2AE0264B1426008071BA /* Configurable.swift in Sources */,
				114D2AA4264B0294008071BA /* SignUpUserController.swift in Sources */,
				1147BFE0264DB0160030B6B4 /* GreetingCell.swift in Sources */,
				11D815692674F4030028EFF4 /* MyOrganizationCellModel.swift in Sources */,
				11EE830E2667F4EB000C12B1 /* PlateScannerController.swift in Sources */,
				114DE0F02643039800B7AE7F /* SceneDelegate.swift in Sources */,
				112C0BCE26596DC70073FC92 /* JoinOrganizationCell.swift in Sources */,
				1147BFE3264DB0EE0030B6B4 /* GreetingCellModel.swift in Sources */,
				114D2AFD264C3791008071BA /* UIViewExtensions.swift in Sources */,
				114D2B30264DA02C008071BA /* UserHomePresenter.swift in Sources */,
				112C0BD12659710C0073FC92 /* JoinOrganizationCellModel.swift in Sources */,
				1147BFCC264DA8710030B6B4 /* CellConfiguration.swift in Sources */,
				114D2AA5264B0294008071BA /* SignUpUserConfigurator.swift in Sources */,
				11D8157026750B980028EFF4 /* OrganizationChooserRouter.swift in Sources */,
			);
			runOnlyForDeploymentPostprocessing = 0;
		};
/* End PBXSourcesBuildPhase section */

/* Begin PBXVariantGroup section */
		114DE0F32643039800B7AE7F /* Main.storyboard */ = {
			isa = PBXVariantGroup;
			children = (
				114DE0F42643039800B7AE7F /* Base */,
			);
			name = Main.storyboard;
			sourceTree = "<group>";
		};
		114DE0F82643039A00B7AE7F /* LaunchScreen.storyboard */ = {
			isa = PBXVariantGroup;
			children = (
				114DE0F92643039A00B7AE7F /* Base */,
			);
			name = LaunchScreen.storyboard;
			sourceTree = "<group>";
		};
/* End PBXVariantGroup section */

/* Begin XCBuildConfiguration section */
		114DE0FC2643039A00B7AE7F /* Debug */ = {
			isa = XCBuildConfiguration;
			buildSettings = {
				ALWAYS_SEARCH_USER_PATHS = NO;
				CLANG_ANALYZER_NONNULL = YES;
				CLANG_ANALYZER_NUMBER_OBJECT_CONVERSION = YES_AGGRESSIVE;
				CLANG_CXX_LANGUAGE_STANDARD = "gnu++14";
				CLANG_CXX_LIBRARY = "libc++";
				CLANG_ENABLE_MODULES = YES;
				CLANG_ENABLE_OBJC_ARC = YES;
				CLANG_ENABLE_OBJC_WEAK = YES;
				CLANG_WARN_BLOCK_CAPTURE_AUTORELEASING = YES;
				CLANG_WARN_BOOL_CONVERSION = YES;
				CLANG_WARN_COMMA = YES;
				CLANG_WARN_CONSTANT_CONVERSION = YES;
				CLANG_WARN_DEPRECATED_OBJC_IMPLEMENTATIONS = YES;
				CLANG_WARN_DIRECT_OBJC_ISA_USAGE = YES_ERROR;
				CLANG_WARN_DOCUMENTATION_COMMENTS = YES;
				CLANG_WARN_EMPTY_BODY = YES;
				CLANG_WARN_ENUM_CONVERSION = YES;
				CLANG_WARN_INFINITE_RECURSION = YES;
				CLANG_WARN_INT_CONVERSION = YES;
				CLANG_WARN_NON_LITERAL_NULL_CONVERSION = YES;
				CLANG_WARN_OBJC_IMPLICIT_RETAIN_SELF = YES;
				CLANG_WARN_OBJC_LITERAL_CONVERSION = YES;
				CLANG_WARN_OBJC_ROOT_CLASS = YES_ERROR;
				CLANG_WARN_QUOTED_INCLUDE_IN_FRAMEWORK_HEADER = YES;
				CLANG_WARN_RANGE_LOOP_ANALYSIS = YES;
				CLANG_WARN_STRICT_PROTOTYPES = YES;
				CLANG_WARN_SUSPICIOUS_MOVE = YES;
				CLANG_WARN_UNGUARDED_AVAILABILITY = YES_AGGRESSIVE;
				CLANG_WARN_UNREACHABLE_CODE = YES;
				CLANG_WARN__DUPLICATE_METHOD_MATCH = YES;
				COPY_PHASE_STRIP = NO;
				DEBUG_INFORMATION_FORMAT = dwarf;
				ENABLE_STRICT_OBJC_MSGSEND = YES;
				ENABLE_TESTABILITY = YES;
				GCC_C_LANGUAGE_STANDARD = gnu11;
				GCC_DYNAMIC_NO_PIC = NO;
				GCC_NO_COMMON_BLOCKS = YES;
				GCC_OPTIMIZATION_LEVEL = 0;
				GCC_PREPROCESSOR_DEFINITIONS = (
					"DEBUG=1",
					"$(inherited)",
				);
				GCC_WARN_64_TO_32_BIT_CONVERSION = YES;
				GCC_WARN_ABOUT_RETURN_TYPE = YES_ERROR;
				GCC_WARN_UNDECLARED_SELECTOR = YES;
				GCC_WARN_UNINITIALIZED_AUTOS = YES_AGGRESSIVE;
				GCC_WARN_UNUSED_FUNCTION = YES;
				GCC_WARN_UNUSED_VARIABLE = YES;
				IPHONEOS_DEPLOYMENT_TARGET = 14.4;
				MTL_ENABLE_DEBUG_INFO = INCLUDE_SOURCE;
				MTL_FAST_MATH = YES;
				ONLY_ACTIVE_ARCH = YES;
				SDKROOT = iphoneos;
				SWIFT_ACTIVE_COMPILATION_CONDITIONS = DEBUG;
				SWIFT_OPTIMIZATION_LEVEL = "-Onone";
			};
			name = Debug;
		};
		114DE0FD2643039A00B7AE7F /* Release */ = {
			isa = XCBuildConfiguration;
			buildSettings = {
				ALWAYS_SEARCH_USER_PATHS = NO;
				CLANG_ANALYZER_NONNULL = YES;
				CLANG_ANALYZER_NUMBER_OBJECT_CONVERSION = YES_AGGRESSIVE;
				CLANG_CXX_LANGUAGE_STANDARD = "gnu++14";
				CLANG_CXX_LIBRARY = "libc++";
				CLANG_ENABLE_MODULES = YES;
				CLANG_ENABLE_OBJC_ARC = YES;
				CLANG_ENABLE_OBJC_WEAK = YES;
				CLANG_WARN_BLOCK_CAPTURE_AUTORELEASING = YES;
				CLANG_WARN_BOOL_CONVERSION = YES;
				CLANG_WARN_COMMA = YES;
				CLANG_WARN_CONSTANT_CONVERSION = YES;
				CLANG_WARN_DEPRECATED_OBJC_IMPLEMENTATIONS = YES;
				CLANG_WARN_DIRECT_OBJC_ISA_USAGE = YES_ERROR;
				CLANG_WARN_DOCUMENTATION_COMMENTS = YES;
				CLANG_WARN_EMPTY_BODY = YES;
				CLANG_WARN_ENUM_CONVERSION = YES;
				CLANG_WARN_INFINITE_RECURSION = YES;
				CLANG_WARN_INT_CONVERSION = YES;
				CLANG_WARN_NON_LITERAL_NULL_CONVERSION = YES;
				CLANG_WARN_OBJC_IMPLICIT_RETAIN_SELF = YES;
				CLANG_WARN_OBJC_LITERAL_CONVERSION = YES;
				CLANG_WARN_OBJC_ROOT_CLASS = YES_ERROR;
				CLANG_WARN_QUOTED_INCLUDE_IN_FRAMEWORK_HEADER = YES;
				CLANG_WARN_RANGE_LOOP_ANALYSIS = YES;
				CLANG_WARN_STRICT_PROTOTYPES = YES;
				CLANG_WARN_SUSPICIOUS_MOVE = YES;
				CLANG_WARN_UNGUARDED_AVAILABILITY = YES_AGGRESSIVE;
				CLANG_WARN_UNREACHABLE_CODE = YES;
				CLANG_WARN__DUPLICATE_METHOD_MATCH = YES;
				COPY_PHASE_STRIP = NO;
				DEBUG_INFORMATION_FORMAT = "dwarf-with-dsym";
				ENABLE_NS_ASSERTIONS = NO;
				ENABLE_STRICT_OBJC_MSGSEND = YES;
				GCC_C_LANGUAGE_STANDARD = gnu11;
				GCC_NO_COMMON_BLOCKS = YES;
				GCC_WARN_64_TO_32_BIT_CONVERSION = YES;
				GCC_WARN_ABOUT_RETURN_TYPE = YES_ERROR;
				GCC_WARN_UNDECLARED_SELECTOR = YES;
				GCC_WARN_UNINITIALIZED_AUTOS = YES_AGGRESSIVE;
				GCC_WARN_UNUSED_FUNCTION = YES;
				GCC_WARN_UNUSED_VARIABLE = YES;
				IPHONEOS_DEPLOYMENT_TARGET = 14.4;
				MTL_ENABLE_DEBUG_INFO = NO;
				MTL_FAST_MATH = YES;
				SDKROOT = iphoneos;
				SWIFT_COMPILATION_MODE = wholemodule;
				SWIFT_OPTIMIZATION_LEVEL = "-O";
				VALIDATE_PRODUCT = YES;
			};
			name = Release;
		};
		114DE0FF2643039A00B7AE7F /* Debug */ = {
			isa = XCBuildConfiguration;
			baseConfigurationReference = 2A7BBAE7A6E532138F92CA89 /* Pods-WayOut.debug.xcconfig */;
			buildSettings = {
				ASSETCATALOG_COMPILER_APPICON_NAME = AppIcon;
				ASSETCATALOG_COMPILER_GLOBAL_ACCENT_COLOR_NAME = AccentColor;
				CODE_SIGN_STYLE = Automatic;
				DEVELOPMENT_TEAM = 69HSU29PJ2;
				INFOPLIST_FILE = WayOut/SupportingFiles/Info.plist;
				IPHONEOS_DEPLOYMENT_TARGET = 13.0;
				LD_RUNPATH_SEARCH_PATHS = (
					"$(inherited)",
					"@executable_path/Frameworks",
				);
				PRODUCT_BUNDLE_IDENTIFIER = BOG.WayOut;
				PRODUCT_NAME = "$(TARGET_NAME)";
				SWIFT_ENFORCE_EXCLUSIVE_ACCESS = off;
				SWIFT_VERSION = 5.0;
				TARGETED_DEVICE_FAMILY = 1;
			};
			name = Debug;
		};
		114DE1002643039A00B7AE7F /* Release */ = {
			isa = XCBuildConfiguration;
			baseConfigurationReference = 4A8493F60A81A6164602CA03 /* Pods-WayOut.release.xcconfig */;
			buildSettings = {
				ASSETCATALOG_COMPILER_APPICON_NAME = AppIcon;
				ASSETCATALOG_COMPILER_GLOBAL_ACCENT_COLOR_NAME = AccentColor;
				CODE_SIGN_STYLE = Automatic;
				DEVELOPMENT_TEAM = 69HSU29PJ2;
				INFOPLIST_FILE = WayOut/SupportingFiles/Info.plist;
				IPHONEOS_DEPLOYMENT_TARGET = 13.0;
				LD_RUNPATH_SEARCH_PATHS = (
					"$(inherited)",
					"@executable_path/Frameworks",
				);
				PRODUCT_BUNDLE_IDENTIFIER = BOG.WayOut;
				PRODUCT_NAME = "$(TARGET_NAME)";
				SWIFT_ENFORCE_EXCLUSIVE_ACCESS = off;
				SWIFT_VERSION = 5.0;
				TARGETED_DEVICE_FAMILY = 1;
			};
			name = Release;
		};
/* End XCBuildConfiguration section */

/* Begin XCConfigurationList section */
		114DE0E52643039700B7AE7F /* Build configuration list for PBXProject "WayOut" */ = {
			isa = XCConfigurationList;
			buildConfigurations = (
				114DE0FC2643039A00B7AE7F /* Debug */,
				114DE0FD2643039A00B7AE7F /* Release */,
			);
			defaultConfigurationIsVisible = 0;
			defaultConfigurationName = Release;
		};
		114DE0FE2643039A00B7AE7F /* Build configuration list for PBXNativeTarget "WayOut" */ = {
			isa = XCConfigurationList;
			buildConfigurations = (
				114DE0FF2643039A00B7AE7F /* Debug */,
				114DE1002643039A00B7AE7F /* Release */,
			);
			defaultConfigurationIsVisible = 0;
			defaultConfigurationName = Release;
		};
/* End XCConfigurationList section */
	};
	rootObject = 114DE0E22643039700B7AE7F /* Project object */;
}
